// !$*UTF8*$!
{
	archiveVersion = 1;
	classes = {
	};
	objectVersion = 46;
	objects = {

/* Begin PBXBuildFile section */
		1843A1A61A81C04D00A0C5A4 /* exiticon.png in Resources */ = {isa = PBXBuildFile; fileRef = 1843A1A11A81C04D00A0C5A4 /* exiticon.png */; };
		1843A1A71A81C04D00A0C5A4 /* head_icon.png in Resources */ = {isa = PBXBuildFile; fileRef = 1843A1A21A81C04D00A0C5A4 /* head_icon.png */; };
		1843A1A81A81C04D00A0C5A4 /* iconbg.png in Resources */ = {isa = PBXBuildFile; fileRef = 1843A1A31A81C04D00A0C5A4 /* iconbg.png */; };
		1843A1A91A81C04D00A0C5A4 /* l_n_bg.png in Resources */ = {isa = PBXBuildFile; fileRef = 1843A1A41A81C04D00A0C5A4 /* l_n_bg.png */; };
		1843A1AA1A81C04D00A0C5A4 /* wuliu.jpg in Resources */ = {isa = PBXBuildFile; fileRef = 1843A1A51A81C04D00A0C5A4 /* wuliu.jpg */; };
		1843A1B41A81C08300A0C5A4 /* KeychainItemWrapper.m in Sources */ = {isa = PBXBuildFile; fileRef = 1843A1B31A81C08300A0C5A4 /* KeychainItemWrapper.m */; settings = {COMPILER_FLAGS = "-fno-objc-arc"; }; };
		18847BB81A81BF540051BE0E /* 48.png in Resources */ = {isa = PBXBuildFile; fileRef = 18847BA21A81BF540051BE0E /* 48.png */; };
		18847BB91A81BF540051BE0E /* 58.png in Resources */ = {isa = PBXBuildFile; fileRef = 18847BA31A81BF540051BE0E /* 58.png */; };
		18847BBA1A81BF540051BE0E /* 72.png in Resources */ = {isa = PBXBuildFile; fileRef = 18847BA41A81BF540051BE0E /* 72.png */; };
		18847BBB1A81BF540051BE0E /* 80.png in Resources */ = {isa = PBXBuildFile; fileRef = 18847BA51A81BF540051BE0E /* 80.png */; };
		18847BBC1A81BF540051BE0E /* 87.png in Resources */ = {isa = PBXBuildFile; fileRef = 18847BA61A81BF540051BE0E /* 87.png */; };
		18847BBD1A81BF540051BE0E /* 96.png in Resources */ = {isa = PBXBuildFile; fileRef = 18847BA71A81BF540051BE0E /* 96.png */; };
		18847BBE1A81BF540051BE0E /* 120.png in Resources */ = {isa = PBXBuildFile; fileRef = 18847BA81A81BF540051BE0E /* 120.png */; };
		18847BBF1A81BF540051BE0E /* 144.png in Resources */ = {isa = PBXBuildFile; fileRef = 18847BA91A81BF540051BE0E /* 144.png */; };
		18847BC01A81BF540051BE0E /* 180.png in Resources */ = {isa = PBXBuildFile; fileRef = 18847BAA1A81BF540051BE0E /* 180.png */; };
		18847BC11A81BF540051BE0E /* 航贸网登录.png in Resources */ = {isa = PBXBuildFile; fileRef = 18847BAB1A81BF540051BE0E /* 航贸网登录.png */; };
		18847BC21A81BF540051BE0E /* 航贸网登录1.png in Resources */ = {isa = PBXBuildFile; fileRef = 18847BAC1A81BF540051BE0E /* 航贸网登录1.png */; };
		18847BC31A81BF540051BE0E /* 航贸网登录背景.jpg in Resources */ = {isa = PBXBuildFile; fileRef = 18847BAD1A81BF540051BE0E /* 航贸网登录背景.jpg */; };
		18847BC41A81BF540051BE0E /* 航贸网登录密码.png in Resources */ = {isa = PBXBuildFile; fileRef = 18847BAE1A81BF540051BE0E /* 航贸网登录密码.png */; };
		18847BC51A81BF540051BE0E /* 航贸网登录密码(1).png in Resources */ = {isa = PBXBuildFile; fileRef = 18847BAF1A81BF540051BE0E /* 航贸网登录密码(1).png */; };
		18847BC61A81BF540051BE0E /* 航贸网登录密码1.png in Resources */ = {isa = PBXBuildFile; fileRef = 18847BB01A81BF540051BE0E /* 航贸网登录密码1.png */; };
		18847BC71A81BF540051BE0E /* 航贸网登录新x.jpg in Resources */ = {isa = PBXBuildFile; fileRef = 18847BB11A81BF540051BE0E /* 航贸网登录新x.jpg */; };
		18847BC81A81BF540051BE0E /* 航贸网登录用户名.png in Resources */ = {isa = PBXBuildFile; fileRef = 18847BB21A81BF540051BE0E /* 航贸网登录用户名.png */; };
		18847BC91A81BF540051BE0E /* 航贸网登录用户名(1).png in Resources */ = {isa = PBXBuildFile; fileRef = 18847BB31A81BF540051BE0E /* 航贸网登录用户名(1).png */; };
		18847BCA1A81BF540051BE0E /* 航贸网登录用户名1.png in Resources */ = {isa = PBXBuildFile; fileRef = 18847BB41A81BF540051BE0E /* 航贸网登录用户名1.png */; };
		18847BCB1A81BF540051BE0E /* 航贸网登录x.png in Resources */ = {isa = PBXBuildFile; fileRef = 18847BB51A81BF540051BE0E /* 航贸网登录x.png */; };
		18847BCC1A81BF540051BE0E /* 物流(1).jpg in Resources */ = {isa = PBXBuildFile; fileRef = 18847BB61A81BF540051BE0E /* 物流(1).jpg */; };
		18847BCD1A81BF540051BE0E /* 物流(2).jpg in Resources */ = {isa = PBXBuildFile; fileRef = 18847BB71A81BF540051BE0E /* 物流(2).jpg */; };
		18B840CD1A198822004C3FC7 /* main.m in Sources */ = {isa = PBXBuildFile; fileRef = 18B840CC1A198822004C3FC7 /* main.m */; };
		18B840D01A198822004C3FC7 /* AppDelegate.m in Sources */ = {isa = PBXBuildFile; fileRef = 18B840CF1A198822004C3FC7 /* AppDelegate.m */; };
		18B840D31A198822004C3FC7 /* wlkg.xcdatamodeld in Sources */ = {isa = PBXBuildFile; fileRef = 18B840D11A198822004C3FC7 /* wlkg.xcdatamodeld */; };
		18B840D61A198822004C3FC7 /* LoginViewController.m in Sources */ = {isa = PBXBuildFile; fileRef = 18B840D51A198822004C3FC7 /* LoginViewController.m */; settings = {COMPILER_FLAGS = "-fno-objc-arc"; }; };
		18B840D91A198822004C3FC7 /* Main.storyboard in Resources */ = {isa = PBXBuildFile; fileRef = 18B840D71A198822004C3FC7 /* Main.storyboard */; };
		18B840DB1A198822004C3FC7 /* Images.xcassets in Resources */ = {isa = PBXBuildFile; fileRef = 18B840DA1A198822004C3FC7 /* Images.xcassets */; };
		18B840DE1A198822004C3FC7 /* LaunchScreen.xib in Resources */ = {isa = PBXBuildFile; fileRef = 18B840DC1A198822004C3FC7 /* LaunchScreen.xib */; };
		B31849C41B59F1D200A417B3 /* ExcelListTableViewController.m in Sources */ = {isa = PBXBuildFile; fileRef = B31849C31B59F1D200A417B3 /* ExcelListTableViewController.m */; };
		B31849D61B5CC18400A417B3 /* KPSPTableViewController.m in Sources */ = {isa = PBXBuildFile; fileRef = B31849D51B5CC18400A417B3 /* KPSPTableViewController.m */; };
		B31849D91B5CC35300A417B3 /* KPSPDetailTableViewController.m in Sources */ = {isa = PBXBuildFile; fileRef = B31849D81B5CC35300A417B3 /* KPSPDetailTableViewController.m */; };
		B31849E11B5CC7AC00A417B3 /* Selected.png in Resources */ = {isa = PBXBuildFile; fileRef = B31849DF1B5CC7AC00A417B3 /* Selected.png */; };
		B31849E21B5CC7AC00A417B3 /* Unselected.png in Resources */ = {isa = PBXBuildFile; fileRef = B31849E01B5CC7AC00A417B3 /* Unselected.png */; };
		B31849E81B5CCA2F00A417B3 /* FileItemTableCell.m in Sources */ = {isa = PBXBuildFile; fileRef = B31849E71B5CCA2F00A417B3 /* FileItemTableCell.m */; settings = {COMPILER_FLAGS = "-fno-objc-arc"; }; };
		B31C994D1B2EA50600E4CC4F /* SRCBViewController.m in Sources */ = {isa = PBXBuildFile; fileRef = B31C994C1B2EA50600E4CC4F /* SRCBViewController.m */; };
		B31C99501B2FB4C400E4CC4F /* GSZCLDFZQKViewController.m in Sources */ = {isa = PBXBuildFile; fileRef = B31C994F1B2FB4C400E4CC4F /* GSZCLDFZQKViewController.m */; };
		B31C99531B2FB5BA00E4CC4F /* LRYDQKViewController.m in Sources */ = {isa = PBXBuildFile; fileRef = B31C99521B2FB5BA00E4CC4F /* LRYDQKViewController.m */; };
		B31C99561B2FB5C700E4CC4F /* BNJZXDLLQSFXViewController.m in Sources */ = {isa = PBXBuildFile; fileRef = B31C99551B2FB5C700E4CC4F /* BNJZXDLLQSFXViewController.m */; };
		B31C99591B2FB5DE00E4CC4F /* BNSZHDLLQSFXViewController.m in Sources */ = {isa = PBXBuildFile; fileRef = B31C99581B2FB5DE00E4CC4F /* BNSZHDLLQSFXViewController.m */; };
		B31C995C1B2FB5EA00E4CC4F /* BNCBDLLQSFXViewController.m in Sources */ = {isa = PBXBuildFile; fileRef = B31C995B1B2FB5EA00E4CC4F /* BNCBDLLQSFXViewController.m */; };
		B31CB3941B267E73003D4354 /* UUBar.m in Sources */ = {isa = PBXBuildFile; fileRef = B31CB3891B267E73003D4354 /* UUBar.m */; };
		B31CB3951B267E73003D4354 /* UUBarChart.m in Sources */ = {isa = PBXBuildFile; fileRef = B31CB38B1B267E73003D4354 /* UUBarChart.m */; };
		B31CB3961B267E73003D4354 /* UUChart.m in Sources */ = {isa = PBXBuildFile; fileRef = B31CB38D1B267E73003D4354 /* UUChart.m */; };
		B31CB3971B267E73003D4354 /* UUChartLabel.m in Sources */ = {isa = PBXBuildFile; fileRef = B31CB38F1B267E73003D4354 /* UUChartLabel.m */; };
		B31CB3981B267E73003D4354 /* UUColor.m in Sources */ = {isa = PBXBuildFile; fileRef = B31CB3911B267E73003D4354 /* UUColor.m */; };
		B31CB3991B267E73003D4354 /* UULineChart.m in Sources */ = {isa = PBXBuildFile; fileRef = B31CB3931B267E73003D4354 /* UULineChart.m */; };
		B31CB39D1B267F3F003D4354 /* FunctionListTableViewController.m in Sources */ = {isa = PBXBuildFile; fileRef = B31CB39C1B267F3F003D4354 /* FunctionListTableViewController.m */; };
		B31CB3A01B281A07003D4354 /* JRZJCLViewController.m in Sources */ = {isa = PBXBuildFile; fileRef = B31CB39F1B281A07003D4354 /* JRZJCLViewController.m */; };
		B32ABB791AF9AFBF0030DD3C /* contacts_collect@2x.png in Resources */ = {isa = PBXBuildFile; fileRef = B32ABB6E1AF9AFBF0030DD3C /* contacts_collect@2x.png */; };
		B32ABB7A1AF9AFBF0030DD3C /* contacts_major@2x.png in Resources */ = {isa = PBXBuildFile; fileRef = B32ABB6F1AF9AFBF0030DD3C /* contacts_major@2x.png */; };
		B32ABB7B1AF9AFBF0030DD3C /* head1.jpg in Resources */ = {isa = PBXBuildFile; fileRef = B32ABB701AF9AFBF0030DD3C /* head1.jpg */; };
		B32ABB7C1AF9AFBF0030DD3C /* head2.jpg in Resources */ = {isa = PBXBuildFile; fileRef = B32ABB711AF9AFBF0030DD3C /* head2.jpg */; };
		B32ABB7D1AF9AFBF0030DD3C /* head3.jpg in Resources */ = {isa = PBXBuildFile; fileRef = B32ABB721AF9AFBF0030DD3C /* head3.jpg */; };
		B32ABB7E1AF9AFBF0030DD3C /* head4.jpg in Resources */ = {isa = PBXBuildFile; fileRef = B32ABB731AF9AFBF0030DD3C /* head4.jpg */; };
		B32ABB7F1AF9AFBF0030DD3C /* head5.jpg in Resources */ = {isa = PBXBuildFile; fileRef = B32ABB741AF9AFBF0030DD3C /* head5.jpg */; };
		B32ABB801AF9AFBF0030DD3C /* head6.jpg in Resources */ = {isa = PBXBuildFile; fileRef = B32ABB751AF9AFBF0030DD3C /* head6.jpg */; };
		B32ABB811AF9AFBF0030DD3C /* head7.jpg in Resources */ = {isa = PBXBuildFile; fileRef = B32ABB761AF9AFBF0030DD3C /* head7.jpg */; };
		B32ABB821AF9AFBF0030DD3C /* head8.jpg in Resources */ = {isa = PBXBuildFile; fileRef = B32ABB771AF9AFBF0030DD3C /* head8.jpg */; };
		B32ABB831AF9AFBF0030DD3C /* the_arrow.png in Resources */ = {isa = PBXBuildFile; fileRef = B32ABB781AF9AFBF0030DD3C /* the_arrow.png */; };
		B363E5F81B2FF83B00398EBA /* Update.m in Sources */ = {isa = PBXBuildFile; fileRef = B363E5F71B2FF83B00398EBA /* Update.m */; };
		B363E5FC1B312B9600398EBA /* JRBSJCLViewController.m in Sources */ = {isa = PBXBuildFile; fileRef = B363E5FB1B312B9600398EBA /* JRBSJCLViewController.m */; };
		B363E5FF1B312BA300398EBA /* JRMYQKViewController.m in Sources */ = {isa = PBXBuildFile; fileRef = B363E5FE1B312BA300398EBA /* JRMYQKViewController.m */; };
		B363E6021B312BAC00398EBA /* JRCCJCLViewController.m in Sources */ = {isa = PBXBuildFile; fileRef = B363E6011B312BAC00398EBA /* JRCCJCLViewController.m */; };
		B363E6051B312BB700398EBA /* JRFYYWQKViewController.m in Sources */ = {isa = PBXBuildFile; fileRef = B363E6041B312BB700398EBA /* JRFYYWQKViewController.m */; };
		B363E6081B312BCB00398EBA /* JRBBGSYWQKViewController.m in Sources */ = {isa = PBXBuildFile; fileRef = B363E6071B312BCB00398EBA /* JRBBGSYWQKViewController.m */; };
		B363E6131B3144B200398EBA /* ChangePasswordViewController.m in Sources */ = {isa = PBXBuildFile; fileRef = B363E6121B3144B200398EBA /* ChangePasswordViewController.m */; };
		B363E6161B3144D400398EBA /* ChangeInfoViewController.m in Sources */ = {isa = PBXBuildFile; fileRef = B363E6151B3144D400398EBA /* ChangeInfoViewController.m */; };
		B363E6191B315CF600398EBA /* GGSNDLRQKViewController.m in Sources */ = {isa = PBXBuildFile; fileRef = B363E6181B315CF600398EBA /* GGSNDLRQKViewController.m */; };
		B36DC0FA1B6715B600402EC5 /* Contacts.xcdatamodeld in Sources */ = {isa = PBXBuildFile; fileRef = B36DC0F41B6715B600402EC5 /* Contacts.xcdatamodeld */; };
		B36DC0FB1B6715B600402EC5 /* ContactsManager.m in Sources */ = {isa = PBXBuildFile; fileRef = B36DC0F71B6715B600402EC5 /* ContactsManager.m */; };
		B36DC0FF1B6715CF00402EC5 /* Person.m in Sources */ = {isa = PBXBuildFile; fileRef = B36DC0FE1B6715CF00402EC5 /* Person.m */; };
		B36DC1021B67280700402EC5 /* ContactsTableViewController.m in Sources */ = {isa = PBXBuildFile; fileRef = B36DC1011B67280700402EC5 /* ContactsTableViewController.m */; };
		B36DC1111B67424400402EC5 /* ContactDetailViewController.m in Sources */ = {isa = PBXBuildFile; fileRef = B36DC1101B67424400402EC5 /* ContactDetailViewController.m */; };
		B36DC1141B6748D900402EC5 /* Header.m in Sources */ = {isa = PBXBuildFile; fileRef = B36DC1131B6748D900402EC5 /* Header.m */; };
		B37248771B4D0B7200A4CE6D /* NewsListTableViewController.m in Sources */ = {isa = PBXBuildFile; fileRef = B37248761B4D0B7200A4CE6D /* NewsListTableViewController.m */; };
		B37248951B4D19EA00A4CE6D /* CLLRefreshCircleView.m in Sources */ = {isa = PBXBuildFile; fileRef = B372488D1B4D19EA00A4CE6D /* CLLRefreshCircleView.m */; };
		B37248961B4D19EA00A4CE6D /* CLLRefreshFooterView.m in Sources */ = {isa = PBXBuildFile; fileRef = B372488F1B4D19EA00A4CE6D /* CLLRefreshFooterView.m */; };
		B37248971B4D19EA00A4CE6D /* CLLRefreshHeadController.m in Sources */ = {isa = PBXBuildFile; fileRef = B37248911B4D19EA00A4CE6D /* CLLRefreshHeadController.m */; };
		B37248981B4D19EA00A4CE6D /* CLLRefreshHeadView.m in Sources */ = {isa = PBXBuildFile; fileRef = B37248931B4D19EA00A4CE6D /* CLLRefreshHeadView.m */; };
		B37248991B4D19EA00A4CE6D /* ReadMe.strings in Resources */ = {isa = PBXBuildFile; fileRef = B37248941B4D19EA00A4CE6D /* ReadMe.strings */; };
		B37248A81B5351EA00A4CE6D /* day.png in Resources */ = {isa = PBXBuildFile; fileRef = B37248A51B5351EA00A4CE6D /* day.png */; };
		B37248A91B5351EA00A4CE6D /* month.png in Resources */ = {isa = PBXBuildFile; fileRef = B37248A61B5351EA00A4CE6D /* month.png */; };
		B37248AA1B5351EA00A4CE6D /* year.png in Resources */ = {isa = PBXBuildFile; fileRef = B37248A71B5351EA00A4CE6D /* year.png */; };
		B37248AD1B535C8300A4CE6D /* YWSJViewController.m in Sources */ = {isa = PBXBuildFile; fileRef = B37248AC1B535C8300A4CE6D /* YWSJViewController.m */; };
		B37248B11B53600C00A4CE6D /* YWSJViewController.xib in Resources */ = {isa = PBXBuildFile; fileRef = B37248B01B53600C00A4CE6D /* YWSJViewController.xib */; };
		B37248B41B538C2D00A4CE6D /* DetailTableViewController.m in Sources */ = {isa = PBXBuildFile; fileRef = B37248B31B538C2D00A4CE6D /* DetailTableViewController.m */; };
		B37248B91B54A58900A4CE6D /* SVProgressHUD.bundle in Resources */ = {isa = PBXBuildFile; fileRef = B37248B61B54A58900A4CE6D /* SVProgressHUD.bundle */; };
		B37248BA1B54A58900A4CE6D /* SVProgressHUD.m in Sources */ = {isa = PBXBuildFile; fileRef = B37248B81B54A58900A4CE6D /* SVProgressHUD.m */; };
		B3732CD81B099EDA001D1EFA /* YRSideViewController.m in Sources */ = {isa = PBXBuildFile; fileRef = B3732CD71B099EDA001D1EFA /* YRSideViewController.m */; };
		B3732CDB1B09B4BB001D1EFA /* MenuViewController.m in Sources */ = {isa = PBXBuildFile; fileRef = B3732CDA1B09B4BB001D1EFA /* MenuViewController.m */; };
		B3732CF81B118B97001D1EFA /* IndexViewController.m in Sources */ = {isa = PBXBuildFile; fileRef = B3732CF71B118B97001D1EFA /* IndexViewController.m */; };
		B38DD8001B32706D00FB0D3F /* BGCXViewController.m in Sources */ = {isa = PBXBuildFile; fileRef = B38DD7FF1B32706D00FB0D3F /* BGCXViewController.m */; };
		B38DD8031B3293BC00FB0D3F /* BJCXViewController.m in Sources */ = {isa = PBXBuildFile; fileRef = B38DD8021B3293BC00FB0D3F /* BJCXViewController.m */; };
		B3A58B801B3A46F700B393D9 /* MainTabBarViewController.m in Sources */ = {isa = PBXBuildFile; fileRef = B3A58B7F1B3A46F700B393D9 /* MainTabBarViewController.m */; settings = {COMPILER_FLAGS = "-fno-objc-arc"; }; };
		B3A58B831B3A498900B393D9 /* MainNavigationController.m in Sources */ = {isa = PBXBuildFile; fileRef = B3A58B821B3A498900B393D9 /* MainNavigationController.m */; };
		B3A58B8B1B3A52A400B393D9 /* MyAppViewController.m in Sources */ = {isa = PBXBuildFile; fileRef = B3A58B8A1B3A52A400B393D9 /* MyAppViewController.m */; };
		B3A58B8E1B3A52B400B393D9 /* SignInViewController.m in Sources */ = {isa = PBXBuildFile; fileRef = B3A58B8D1B3A52B400B393D9 /* SignInViewController.m */; };
		B3A58B911B3A52BE00B393D9 /* MessageViewController.m in Sources */ = {isa = PBXBuildFile; fileRef = B3A58B901B3A52BE00B393D9 /* MessageViewController.m */; };
		B3E1A3471B57659B009AA50A /* SBYXViewController.m in Sources */ = {isa = PBXBuildFile; fileRef = B3E1A3461B57659B009AA50A /* SBYXViewController.m */; };
		B3E1A3491B5765D4009AA50A /* SBYXViewController.xib in Resources */ = {isa = PBXBuildFile; fileRef = B3E1A3481B5765D4009AA50A /* SBYXViewController.xib */; };
		B3E1A34F1B5768BD009AA50A /* down_dark.png in Resources */ = {isa = PBXBuildFile; fileRef = B3E1A34B1B5768BD009AA50A /* down_dark.png */; };
		B3E1A3501B5768BD009AA50A /* DropDownListView.m in Sources */ = {isa = PBXBuildFile; fileRef = B3E1A34E1B5768BD009AA50A /* DropDownListView.m */; };
		B3E1A3531B577AF6009AA50A /* SBTZViewController.m in Sources */ = {isa = PBXBuildFile; fileRef = B3E1A3521B577AF6009AA50A /* SBTZViewController.m */; };
/* End PBXBuildFile section */

/* Begin PBXFileReference section */
		1843A1A11A81C04D00A0C5A4 /* exiticon.png */ = {isa = PBXFileReference; lastKnownFileType = image.png; name = exiticon.png; path = wlkg/exiticon.png; sourceTree = "<group>"; };
		1843A1A21A81C04D00A0C5A4 /* head_icon.png */ = {isa = PBXFileReference; lastKnownFileType = image.png; name = head_icon.png; path = wlkg/head_icon.png; sourceTree = "<group>"; };
		1843A1A31A81C04D00A0C5A4 /* iconbg.png */ = {isa = PBXFileReference; lastKnownFileType = image.png; name = iconbg.png; path = wlkg/iconbg.png; sourceTree = "<group>"; };
		1843A1A41A81C04D00A0C5A4 /* l_n_bg.png */ = {isa = PBXFileReference; lastKnownFileType = image.png; name = l_n_bg.png; path = wlkg/l_n_bg.png; sourceTree = "<group>"; };
		1843A1A51A81C04D00A0C5A4 /* wuliu.jpg */ = {isa = PBXFileReference; lastKnownFileType = image.jpeg; name = wuliu.jpg; path = wlkg/wuliu.jpg; sourceTree = "<group>"; };
		1843A1B21A81C08300A0C5A4 /* KeychainItemWrapper.h */ = {isa = PBXFileReference; fileEncoding = 4; lastKnownFileType = sourcecode.c.h; path = KeychainItemWrapper.h; sourceTree = "<group>"; };
		1843A1B31A81C08300A0C5A4 /* KeychainItemWrapper.m */ = {isa = PBXFileReference; fileEncoding = 4; lastKnownFileType = sourcecode.c.objc; path = KeychainItemWrapper.m; sourceTree = "<group>"; };
		18847BA21A81BF540051BE0E /* 48.png */ = {isa = PBXFileReference; lastKnownFileType = image.png; name = 48.png; path = wlkg/48.png; sourceTree = "<group>"; };
		18847BA31A81BF540051BE0E /* 58.png */ = {isa = PBXFileReference; lastKnownFileType = image.png; name = 58.png; path = wlkg/58.png; sourceTree = "<group>"; };
		18847BA41A81BF540051BE0E /* 72.png */ = {isa = PBXFileReference; lastKnownFileType = image.png; name = 72.png; path = wlkg/72.png; sourceTree = "<group>"; };
		18847BA51A81BF540051BE0E /* 80.png */ = {isa = PBXFileReference; lastKnownFileType = image.png; name = 80.png; path = wlkg/80.png; sourceTree = "<group>"; };
		18847BA61A81BF540051BE0E /* 87.png */ = {isa = PBXFileReference; lastKnownFileType = image.png; name = 87.png; path = wlkg/87.png; sourceTree = "<group>"; };
		18847BA71A81BF540051BE0E /* 96.png */ = {isa = PBXFileReference; lastKnownFileType = image.png; name = 96.png; path = wlkg/96.png; sourceTree = "<group>"; };
		18847BA81A81BF540051BE0E /* 120.png */ = {isa = PBXFileReference; lastKnownFileType = image.png; name = 120.png; path = wlkg/120.png; sourceTree = "<group>"; };
		18847BA91A81BF540051BE0E /* 144.png */ = {isa = PBXFileReference; lastKnownFileType = image.png; name = 144.png; path = wlkg/144.png; sourceTree = "<group>"; };
		18847BAA1A81BF540051BE0E /* 180.png */ = {isa = PBXFileReference; lastKnownFileType = image.png; name = 180.png; path = wlkg/180.png; sourceTree = "<group>"; };
		18847BAB1A81BF540051BE0E /* 航贸网登录.png */ = {isa = PBXFileReference; lastKnownFileType = image.png; name = "航贸网登录.png"; path = "wlkg/航贸网登录.png"; sourceTree = "<group>"; };
		18847BAC1A81BF540051BE0E /* 航贸网登录1.png */ = {isa = PBXFileReference; lastKnownFileType = image.png; name = "航贸网登录1.png"; path = "wlkg/航贸网登录1.png"; sourceTree = "<group>"; };
		18847BAD1A81BF540051BE0E /* 航贸网登录背景.jpg */ = {isa = PBXFileReference; lastKnownFileType = image.jpeg; name = "航贸网登录背景.jpg"; path = "wlkg/航贸网登录背景.jpg"; sourceTree = "<group>"; };
		18847BAE1A81BF540051BE0E /* 航贸网登录密码.png */ = {isa = PBXFileReference; lastKnownFileType = image.png; name = "航贸网登录密码.png"; path = "wlkg/航贸网登录密码.png"; sourceTree = "<group>"; };
		18847BAF1A81BF540051BE0E /* 航贸网登录密码(1).png */ = {isa = PBXFileReference; lastKnownFileType = image.png; name = "航贸网登录密码(1).png"; path = "wlkg/航贸网登录密码(1).png"; sourceTree = "<group>"; };
		18847BB01A81BF540051BE0E /* 航贸网登录密码1.png */ = {isa = PBXFileReference; lastKnownFileType = image.png; name = "航贸网登录密码1.png"; path = "wlkg/航贸网登录密码1.png"; sourceTree = "<group>"; };
		18847BB11A81BF540051BE0E /* 航贸网登录新x.jpg */ = {isa = PBXFileReference; lastKnownFileType = image.jpeg; name = "航贸网登录新x.jpg"; path = "wlkg/航贸网登录新x.jpg"; sourceTree = "<group>"; };
		18847BB21A81BF540051BE0E /* 航贸网登录用户名.png */ = {isa = PBXFileReference; lastKnownFileType = image.png; name = "航贸网登录用户名.png"; path = "wlkg/航贸网登录用户名.png"; sourceTree = "<group>"; };
		18847BB31A81BF540051BE0E /* 航贸网登录用户名(1).png */ = {isa = PBXFileReference; lastKnownFileType = image.png; name = "航贸网登录用户名(1).png"; path = "wlkg/航贸网登录用户名(1).png"; sourceTree = "<group>"; };
		18847BB41A81BF540051BE0E /* 航贸网登录用户名1.png */ = {isa = PBXFileReference; lastKnownFileType = image.png; name = "航贸网登录用户名1.png"; path = "wlkg/航贸网登录用户名1.png"; sourceTree = "<group>"; };
		18847BB51A81BF540051BE0E /* 航贸网登录x.png */ = {isa = PBXFileReference; lastKnownFileType = image.png; name = "航贸网登录x.png"; path = "wlkg/航贸网登录x.png"; sourceTree = "<group>"; };
		18847BB61A81BF540051BE0E /* 物流(1).jpg */ = {isa = PBXFileReference; lastKnownFileType = image.jpeg; name = "物流(1).jpg"; path = "wlkg/物流(1).jpg"; sourceTree = "<group>"; };
		18847BB71A81BF540051BE0E /* 物流(2).jpg */ = {isa = PBXFileReference; lastKnownFileType = image.jpeg; name = "物流(2).jpg"; path = "wlkg/物流(2).jpg"; sourceTree = "<group>"; };
		18B840C71A198822004C3FC7 /* 掌上物流.app */ = {isa = PBXFileReference; explicitFileType = wrapper.application; includeInIndex = 0; path = "掌上物流.app"; sourceTree = BUILT_PRODUCTS_DIR; };
		18B840CB1A198822004C3FC7 /* Info.plist */ = {isa = PBXFileReference; lastKnownFileType = text.plist.xml; path = Info.plist; sourceTree = "<group>"; };
		18B840CC1A198822004C3FC7 /* main.m */ = {isa = PBXFileReference; lastKnownFileType = sourcecode.c.objc; path = main.m; sourceTree = "<group>"; };
		18B840CE1A198822004C3FC7 /* AppDelegate.h */ = {isa = PBXFileReference; lastKnownFileType = sourcecode.c.h; path = AppDelegate.h; sourceTree = "<group>"; };
		18B840CF1A198822004C3FC7 /* AppDelegate.m */ = {isa = PBXFileReference; lastKnownFileType = sourcecode.c.objc; path = AppDelegate.m; sourceTree = "<group>"; };
		18B840D21A198822004C3FC7 /* wlkg.xcdatamodel */ = {isa = PBXFileReference; lastKnownFileType = wrapper.xcdatamodel; path = wlkg.xcdatamodel; sourceTree = "<group>"; };
		18B840D41A198822004C3FC7 /* LoginViewController.h */ = {isa = PBXFileReference; lastKnownFileType = sourcecode.c.h; path = LoginViewController.h; sourceTree = "<group>"; };
		18B840D51A198822004C3FC7 /* LoginViewController.m */ = {isa = PBXFileReference; lastKnownFileType = sourcecode.c.objc; path = LoginViewController.m; sourceTree = "<group>"; };
		18B840D81A198822004C3FC7 /* Base */ = {isa = PBXFileReference; lastKnownFileType = file.storyboard; name = Base; path = Base.lproj/Main.storyboard; sourceTree = "<group>"; };
		18B840DA1A198822004C3FC7 /* Images.xcassets */ = {isa = PBXFileReference; lastKnownFileType = folder.assetcatalog; path = Images.xcassets; sourceTree = "<group>"; };
		18B840DD1A198822004C3FC7 /* Base */ = {isa = PBXFileReference; lastKnownFileType = file.xib; name = Base; path = Base.lproj/LaunchScreen.xib; sourceTree = "<group>"; };
		18B840E81A198823004C3FC7 /* Info.plist */ = {isa = PBXFileReference; lastKnownFileType = text.plist.xml; path = Info.plist; sourceTree = "<group>"; };
		18B840E91A198823004C3FC7 /* wlkgTests.m */ = {isa = PBXFileReference; lastKnownFileType = sourcecode.c.objc; path = wlkgTests.m; sourceTree = "<group>"; };
		B31849C21B59F1D200A417B3 /* ExcelListTableViewController.h */ = {isa = PBXFileReference; fileEncoding = 4; lastKnownFileType = sourcecode.c.h; path = ExcelListTableViewController.h; sourceTree = "<group>"; };
		B31849C31B59F1D200A417B3 /* ExcelListTableViewController.m */ = {isa = PBXFileReference; fileEncoding = 4; lastKnownFileType = sourcecode.c.objc; path = ExcelListTableViewController.m; sourceTree = "<group>"; };
		B31849D41B5CC18400A417B3 /* KPSPTableViewController.h */ = {isa = PBXFileReference; fileEncoding = 4; lastKnownFileType = sourcecode.c.h; path = KPSPTableViewController.h; sourceTree = "<group>"; };
		B31849D51B5CC18400A417B3 /* KPSPTableViewController.m */ = {isa = PBXFileReference; fileEncoding = 4; lastKnownFileType = sourcecode.c.objc; path = KPSPTableViewController.m; sourceTree = "<group>"; };
		B31849D71B5CC35300A417B3 /* KPSPDetailTableViewController.h */ = {isa = PBXFileReference; fileEncoding = 4; lastKnownFileType = sourcecode.c.h; path = KPSPDetailTableViewController.h; sourceTree = "<group>"; };
		B31849D81B5CC35300A417B3 /* KPSPDetailTableViewController.m */ = {isa = PBXFileReference; fileEncoding = 4; lastKnownFileType = sourcecode.c.objc; path = KPSPDetailTableViewController.m; sourceTree = "<group>"; };
		B31849DF1B5CC7AC00A417B3 /* Selected.png */ = {isa = PBXFileReference; lastKnownFileType = image.png; path = Selected.png; sourceTree = "<group>"; };
		B31849E01B5CC7AC00A417B3 /* Unselected.png */ = {isa = PBXFileReference; lastKnownFileType = image.png; path = Unselected.png; sourceTree = "<group>"; };
		B31849E61B5CCA2F00A417B3 /* FileItemTableCell.h */ = {isa = PBXFileReference; fileEncoding = 4; lastKnownFileType = sourcecode.c.h; path = FileItemTableCell.h; sourceTree = "<group>"; };
		B31849E71B5CCA2F00A417B3 /* FileItemTableCell.m */ = {isa = PBXFileReference; fileEncoding = 4; lastKnownFileType = sourcecode.c.objc; path = FileItemTableCell.m; sourceTree = "<group>"; };
		B31C994B1B2EA50600E4CC4F /* SRCBViewController.h */ = {isa = PBXFileReference; fileEncoding = 4; lastKnownFileType = sourcecode.c.h; path = SRCBViewController.h; sourceTree = "<group>"; };
		B31C994C1B2EA50600E4CC4F /* SRCBViewController.m */ = {isa = PBXFileReference; fileEncoding = 4; lastKnownFileType = sourcecode.c.objc; path = SRCBViewController.m; sourceTree = "<group>"; };
		B31C994E1B2FB4C400E4CC4F /* GSZCLDFZQKViewController.h */ = {isa = PBXFileReference; fileEncoding = 4; lastKnownFileType = sourcecode.c.h; path = GSZCLDFZQKViewController.h; sourceTree = "<group>"; };
		B31C994F1B2FB4C400E4CC4F /* GSZCLDFZQKViewController.m */ = {isa = PBXFileReference; fileEncoding = 4; lastKnownFileType = sourcecode.c.objc; path = GSZCLDFZQKViewController.m; sourceTree = "<group>"; };
		B31C99511B2FB5BA00E4CC4F /* LRYDQKViewController.h */ = {isa = PBXFileReference; fileEncoding = 4; lastKnownFileType = sourcecode.c.h; path = LRYDQKViewController.h; sourceTree = "<group>"; };
		B31C99521B2FB5BA00E4CC4F /* LRYDQKViewController.m */ = {isa = PBXFileReference; fileEncoding = 4; lastKnownFileType = sourcecode.c.objc; path = LRYDQKViewController.m; sourceTree = "<group>"; };
		B31C99541B2FB5C700E4CC4F /* BNJZXDLLQSFXViewController.h */ = {isa = PBXFileReference; fileEncoding = 4; lastKnownFileType = sourcecode.c.h; path = BNJZXDLLQSFXViewController.h; sourceTree = "<group>"; };
		B31C99551B2FB5C700E4CC4F /* BNJZXDLLQSFXViewController.m */ = {isa = PBXFileReference; fileEncoding = 4; lastKnownFileType = sourcecode.c.objc; path = BNJZXDLLQSFXViewController.m; sourceTree = "<group>"; };
		B31C99571B2FB5DE00E4CC4F /* BNSZHDLLQSFXViewController.h */ = {isa = PBXFileReference; fileEncoding = 4; lastKnownFileType = sourcecode.c.h; path = BNSZHDLLQSFXViewController.h; sourceTree = "<group>"; };
		B31C99581B2FB5DE00E4CC4F /* BNSZHDLLQSFXViewController.m */ = {isa = PBXFileReference; fileEncoding = 4; lastKnownFileType = sourcecode.c.objc; path = BNSZHDLLQSFXViewController.m; sourceTree = "<group>"; };
		B31C995A1B2FB5EA00E4CC4F /* BNCBDLLQSFXViewController.h */ = {isa = PBXFileReference; fileEncoding = 4; lastKnownFileType = sourcecode.c.h; path = BNCBDLLQSFXViewController.h; sourceTree = "<group>"; };
		B31C995B1B2FB5EA00E4CC4F /* BNCBDLLQSFXViewController.m */ = {isa = PBXFileReference; fileEncoding = 4; lastKnownFileType = sourcecode.c.objc; path = BNCBDLLQSFXViewController.m; sourceTree = "<group>"; };
		B31CB3881B267E73003D4354 /* UUBar.h */ = {isa = PBXFileReference; fileEncoding = 4; lastKnownFileType = sourcecode.c.h; path = UUBar.h; sourceTree = "<group>"; };
		B31CB3891B267E73003D4354 /* UUBar.m */ = {isa = PBXFileReference; fileEncoding = 4; lastKnownFileType = sourcecode.c.objc; path = UUBar.m; sourceTree = "<group>"; };
		B31CB38A1B267E73003D4354 /* UUBarChart.h */ = {isa = PBXFileReference; fileEncoding = 4; lastKnownFileType = sourcecode.c.h; path = UUBarChart.h; sourceTree = "<group>"; };
		B31CB38B1B267E73003D4354 /* UUBarChart.m */ = {isa = PBXFileReference; fileEncoding = 4; lastKnownFileType = sourcecode.c.objc; path = UUBarChart.m; sourceTree = "<group>"; };
		B31CB38C1B267E73003D4354 /* UUChart.h */ = {isa = PBXFileReference; fileEncoding = 4; lastKnownFileType = sourcecode.c.h; path = UUChart.h; sourceTree = "<group>"; };
		B31CB38D1B267E73003D4354 /* UUChart.m */ = {isa = PBXFileReference; fileEncoding = 4; lastKnownFileType = sourcecode.c.objc; path = UUChart.m; sourceTree = "<group>"; };
		B31CB38E1B267E73003D4354 /* UUChartLabel.h */ = {isa = PBXFileReference; fileEncoding = 4; lastKnownFileType = sourcecode.c.h; path = UUChartLabel.h; sourceTree = "<group>"; };
		B31CB38F1B267E73003D4354 /* UUChartLabel.m */ = {isa = PBXFileReference; fileEncoding = 4; lastKnownFileType = sourcecode.c.objc; path = UUChartLabel.m; sourceTree = "<group>"; };
		B31CB3901B267E73003D4354 /* UUColor.h */ = {isa = PBXFileReference; fileEncoding = 4; lastKnownFileType = sourcecode.c.h; path = UUColor.h; sourceTree = "<group>"; };
		B31CB3911B267E73003D4354 /* UUColor.m */ = {isa = PBXFileReference; fileEncoding = 4; lastKnownFileType = sourcecode.c.objc; path = UUColor.m; sourceTree = "<group>"; };
		B31CB3921B267E73003D4354 /* UULineChart.h */ = {isa = PBXFileReference; fileEncoding = 4; lastKnownFileType = sourcecode.c.h; path = UULineChart.h; sourceTree = "<group>"; };
		B31CB3931B267E73003D4354 /* UULineChart.m */ = {isa = PBXFileReference; fileEncoding = 4; lastKnownFileType = sourcecode.c.objc; path = UULineChart.m; sourceTree = "<group>"; };
		B31CB39B1B267F3F003D4354 /* FunctionListTableViewController.h */ = {isa = PBXFileReference; fileEncoding = 4; lastKnownFileType = sourcecode.c.h; path = FunctionListTableViewController.h; sourceTree = "<group>"; };
		B31CB39C1B267F3F003D4354 /* FunctionListTableViewController.m */ = {isa = PBXFileReference; fileEncoding = 4; lastKnownFileType = sourcecode.c.objc; path = FunctionListTableViewController.m; sourceTree = "<group>"; };
		B31CB39E1B281A07003D4354 /* JRZJCLViewController.h */ = {isa = PBXFileReference; fileEncoding = 4; lastKnownFileType = sourcecode.c.h; path = JRZJCLViewController.h; sourceTree = "<group>"; };
		B31CB39F1B281A07003D4354 /* JRZJCLViewController.m */ = {isa = PBXFileReference; fileEncoding = 4; lastKnownFileType = sourcecode.c.objc; path = JRZJCLViewController.m; sourceTree = "<group>"; };
		B32ABB591AF9AB680030DD3C /* IndexViewController.h */ = {isa = PBXFileReference; fileEncoding = 4; lastKnownFileType = sourcecode.c.h; name = IndexViewController.h; path = wlkg/IndexViewController.h; sourceTree = "<group>"; };
		B32ABB6E1AF9AFBF0030DD3C /* contacts_collect@2x.png */ = {isa = PBXFileReference; lastKnownFileType = image.png; path = "contacts_collect@2x.png"; sourceTree = "<group>"; };
		B32ABB6F1AF9AFBF0030DD3C /* contacts_major@2x.png */ = {isa = PBXFileReference; lastKnownFileType = image.png; path = "contacts_major@2x.png"; sourceTree = "<group>"; };
		B32ABB701AF9AFBF0030DD3C /* head1.jpg */ = {isa = PBXFileReference; lastKnownFileType = image.jpeg; path = head1.jpg; sourceTree = "<group>"; };
		B32ABB711AF9AFBF0030DD3C /* head2.jpg */ = {isa = PBXFileReference; lastKnownFileType = image.jpeg; path = head2.jpg; sourceTree = "<group>"; };
		B32ABB721AF9AFBF0030DD3C /* head3.jpg */ = {isa = PBXFileReference; lastKnownFileType = image.jpeg; path = head3.jpg; sourceTree = "<group>"; };
		B32ABB731AF9AFBF0030DD3C /* head4.jpg */ = {isa = PBXFileReference; lastKnownFileType = image.jpeg; path = head4.jpg; sourceTree = "<group>"; };
		B32ABB741AF9AFBF0030DD3C /* head5.jpg */ = {isa = PBXFileReference; lastKnownFileType = image.jpeg; path = head5.jpg; sourceTree = "<group>"; };
		B32ABB751AF9AFBF0030DD3C /* head6.jpg */ = {isa = PBXFileReference; lastKnownFileType = image.jpeg; path = head6.jpg; sourceTree = "<group>"; };
		B32ABB761AF9AFBF0030DD3C /* head7.jpg */ = {isa = PBXFileReference; lastKnownFileType = image.jpeg; path = head7.jpg; sourceTree = "<group>"; };
		B32ABB771AF9AFBF0030DD3C /* head8.jpg */ = {isa = PBXFileReference; lastKnownFileType = image.jpeg; path = head8.jpg; sourceTree = "<group>"; };
		B32ABB781AF9AFBF0030DD3C /* the_arrow.png */ = {isa = PBXFileReference; lastKnownFileType = image.png; path = the_arrow.png; sourceTree = "<group>"; };
		B363E5F61B2FF83B00398EBA /* Update.h */ = {isa = PBXFileReference; fileEncoding = 4; lastKnownFileType = sourcecode.c.h; path = Update.h; sourceTree = "<group>"; };
		B363E5F71B2FF83B00398EBA /* Update.m */ = {isa = PBXFileReference; fileEncoding = 4; lastKnownFileType = sourcecode.c.objc; path = Update.m; sourceTree = "<group>"; };
		B363E5FA1B312B9600398EBA /* JRBSJCLViewController.h */ = {isa = PBXFileReference; fileEncoding = 4; lastKnownFileType = sourcecode.c.h; path = JRBSJCLViewController.h; sourceTree = "<group>"; };
		B363E5FB1B312B9600398EBA /* JRBSJCLViewController.m */ = {isa = PBXFileReference; fileEncoding = 4; lastKnownFileType = sourcecode.c.objc; path = JRBSJCLViewController.m; sourceTree = "<group>"; };
		B363E5FD1B312BA300398EBA /* JRMYQKViewController.h */ = {isa = PBXFileReference; fileEncoding = 4; lastKnownFileType = sourcecode.c.h; path = JRMYQKViewController.h; sourceTree = "<group>"; };
		B363E5FE1B312BA300398EBA /* JRMYQKViewController.m */ = {isa = PBXFileReference; fileEncoding = 4; lastKnownFileType = sourcecode.c.objc; path = JRMYQKViewController.m; sourceTree = "<group>"; };
		B363E6001B312BAC00398EBA /* JRCCJCLViewController.h */ = {isa = PBXFileReference; fileEncoding = 4; lastKnownFileType = sourcecode.c.h; path = JRCCJCLViewController.h; sourceTree = "<group>"; };
		B363E6011B312BAC00398EBA /* JRCCJCLViewController.m */ = {isa = PBXFileReference; fileEncoding = 4; lastKnownFileType = sourcecode.c.objc; path = JRCCJCLViewController.m; sourceTree = "<group>"; };
		B363E6031B312BB700398EBA /* JRFYYWQKViewController.h */ = {isa = PBXFileReference; fileEncoding = 4; lastKnownFileType = sourcecode.c.h; path = JRFYYWQKViewController.h; sourceTree = "<group>"; };
		B363E6041B312BB700398EBA /* JRFYYWQKViewController.m */ = {isa = PBXFileReference; fileEncoding = 4; lastKnownFileType = sourcecode.c.objc; path = JRFYYWQKViewController.m; sourceTree = "<group>"; };
		B363E6061B312BCB00398EBA /* JRBBGSYWQKViewController.h */ = {isa = PBXFileReference; fileEncoding = 4; lastKnownFileType = sourcecode.c.h; path = JRBBGSYWQKViewController.h; sourceTree = "<group>"; };
		B363E6071B312BCB00398EBA /* JRBBGSYWQKViewController.m */ = {isa = PBXFileReference; fileEncoding = 4; lastKnownFileType = sourcecode.c.objc; path = JRBBGSYWQKViewController.m; sourceTree = "<group>"; };
		B363E6111B3144B200398EBA /* ChangePasswordViewController.h */ = {isa = PBXFileReference; fileEncoding = 4; lastKnownFileType = sourcecode.c.h; path = ChangePasswordViewController.h; sourceTree = "<group>"; };
		B363E6121B3144B200398EBA /* ChangePasswordViewController.m */ = {isa = PBXFileReference; fileEncoding = 4; lastKnownFileType = sourcecode.c.objc; path = ChangePasswordViewController.m; sourceTree = "<group>"; };
		B363E6141B3144D400398EBA /* ChangeInfoViewController.h */ = {isa = PBXFileReference; fileEncoding = 4; lastKnownFileType = sourcecode.c.h; path = ChangeInfoViewController.h; sourceTree = "<group>"; };
		B363E6151B3144D400398EBA /* ChangeInfoViewController.m */ = {isa = PBXFileReference; fileEncoding = 4; lastKnownFileType = sourcecode.c.objc; path = ChangeInfoViewController.m; sourceTree = "<group>"; };
		B363E6171B315CF600398EBA /* GGSNDLRQKViewController.h */ = {isa = PBXFileReference; fileEncoding = 4; lastKnownFileType = sourcecode.c.h; path = GGSNDLRQKViewController.h; sourceTree = "<group>"; };
		B363E6181B315CF600398EBA /* GGSNDLRQKViewController.m */ = {isa = PBXFileReference; fileEncoding = 4; lastKnownFileType = sourcecode.c.objc; path = GGSNDLRQKViewController.m; sourceTree = "<group>"; };
		B36DC0F51B6715B600402EC5 /* Contacts.xcdatamodel */ = {isa = PBXFileReference; lastKnownFileType = wrapper.xcdatamodel; path = Contacts.xcdatamodel; sourceTree = "<group>"; };
		B36DC0F61B6715B600402EC5 /* ContactsManager.h */ = {isa = PBXFileReference; fileEncoding = 4; lastKnownFileType = sourcecode.c.h; path = ContactsManager.h; sourceTree = "<group>"; };
		B36DC0F71B6715B600402EC5 /* ContactsManager.m */ = {isa = PBXFileReference; fileEncoding = 4; lastKnownFileType = sourcecode.c.objc; path = ContactsManager.m; sourceTree = "<group>"; };
		B36DC0F81B6715B600402EC5 /* ContactsViewController.h */ = {isa = PBXFileReference; fileEncoding = 4; lastKnownFileType = sourcecode.c.h; path = ContactsViewController.h; sourceTree = "<group>"; };
		B36DC0F91B6715B600402EC5 /* ContactsViewController.m */ = {isa = PBXFileReference; fileEncoding = 4; lastKnownFileType = sourcecode.c.objc; path = ContactsViewController.m; sourceTree = "<group>"; };
		B36DC0FD1B6715CF00402EC5 /* Person.h */ = {isa = PBXFileReference; fileEncoding = 4; lastKnownFileType = sourcecode.c.h; path = Person.h; sourceTree = "<group>"; };
		B36DC0FE1B6715CF00402EC5 /* Person.m */ = {isa = PBXFileReference; fileEncoding = 4; lastKnownFileType = sourcecode.c.objc; path = Person.m; sourceTree = "<group>"; };
		B36DC1001B67280700402EC5 /* ContactsTableViewController.h */ = {isa = PBXFileReference; fileEncoding = 4; lastKnownFileType = sourcecode.c.h; path = ContactsTableViewController.h; sourceTree = "<group>"; };
		B36DC1011B67280700402EC5 /* ContactsTableViewController.m */ = {isa = PBXFileReference; fileEncoding = 4; lastKnownFileType = sourcecode.c.objc; path = ContactsTableViewController.m; sourceTree = "<group>"; };
		B36DC10F1B67424400402EC5 /* ContactDetailViewController.h */ = {isa = PBXFileReference; fileEncoding = 4; lastKnownFileType = sourcecode.c.h; path = ContactDetailViewController.h; sourceTree = "<group>"; };
		B36DC1101B67424400402EC5 /* ContactDetailViewController.m */ = {isa = PBXFileReference; fileEncoding = 4; lastKnownFileType = sourcecode.c.objc; path = ContactDetailViewController.m; sourceTree = "<group>"; };
		B36DC1121B6748D900402EC5 /* Header.h */ = {isa = PBXFileReference; fileEncoding = 4; lastKnownFileType = sourcecode.c.h; path = Header.h; sourceTree = "<group>"; };
		B36DC1131B6748D900402EC5 /* Header.m */ = {isa = PBXFileReference; fileEncoding = 4; lastKnownFileType = sourcecode.c.objc; path = Header.m; sourceTree = "<group>"; };
		B36DC1B51B7067D700402EC5 /* wlkg copy-Info.plist */ = {isa = PBXFileReference; lastKnownFileType = text.plist.xml; name = "wlkg copy-Info.plist"; path = "/Users/Leo/Documents/wlkg/wlkg copy-Info.plist"; sourceTree = "<absolute>"; };
		B37248751B4D0B7200A4CE6D /* NewsListTableViewController.h */ = {isa = PBXFileReference; fileEncoding = 4; lastKnownFileType = sourcecode.c.h; path = NewsListTableViewController.h; sourceTree = "<group>"; };
		B37248761B4D0B7200A4CE6D /* NewsListTableViewController.m */ = {isa = PBXFileReference; fileEncoding = 4; lastKnownFileType = sourcecode.c.objc; path = NewsListTableViewController.m; sourceTree = "<group>"; };
		B372488C1B4D19EA00A4CE6D /* CLLRefreshCircleView.h */ = {isa = PBXFileReference; fileEncoding = 4; lastKnownFileType = sourcecode.c.h; path = CLLRefreshCircleView.h; sourceTree = "<group>"; };
		B372488D1B4D19EA00A4CE6D /* CLLRefreshCircleView.m */ = {isa = PBXFileReference; fileEncoding = 4; lastKnownFileType = sourcecode.c.objc; path = CLLRefreshCircleView.m; sourceTree = "<group>"; };
		B372488E1B4D19EA00A4CE6D /* CLLRefreshFooterView.h */ = {isa = PBXFileReference; fileEncoding = 4; lastKnownFileType = sourcecode.c.h; path = CLLRefreshFooterView.h; sourceTree = "<group>"; };
		B372488F1B4D19EA00A4CE6D /* CLLRefreshFooterView.m */ = {isa = PBXFileReference; fileEncoding = 4; lastKnownFileType = sourcecode.c.objc; path = CLLRefreshFooterView.m; sourceTree = "<group>"; };
		B37248901B4D19EA00A4CE6D /* CLLRefreshHeadController.h */ = {isa = PBXFileReference; fileEncoding = 4; lastKnownFileType = sourcecode.c.h; path = CLLRefreshHeadController.h; sourceTree = "<group>"; };
		B37248911B4D19EA00A4CE6D /* CLLRefreshHeadController.m */ = {isa = PBXFileReference; fileEncoding = 4; lastKnownFileType = sourcecode.c.objc; path = CLLRefreshHeadController.m; sourceTree = "<group>"; };
		B37248921B4D19EA00A4CE6D /* CLLRefreshHeadView.h */ = {isa = PBXFileReference; fileEncoding = 4; lastKnownFileType = sourcecode.c.h; path = CLLRefreshHeadView.h; sourceTree = "<group>"; };
		B37248931B4D19EA00A4CE6D /* CLLRefreshHeadView.m */ = {isa = PBXFileReference; fileEncoding = 4; lastKnownFileType = sourcecode.c.objc; path = CLLRefreshHeadView.m; sourceTree = "<group>"; };
		B37248941B4D19EA00A4CE6D /* ReadMe.strings */ = {isa = PBXFileReference; fileEncoding = 4; lastKnownFileType = text.plist.strings; path = ReadMe.strings; sourceTree = "<group>"; };
		B37248A51B5351EA00A4CE6D /* day.png */ = {isa = PBXFileReference; lastKnownFileType = image.png; path = day.png; sourceTree = "<group>"; };
		B37248A61B5351EA00A4CE6D /* month.png */ = {isa = PBXFileReference; lastKnownFileType = image.png; path = month.png; sourceTree = "<group>"; };
		B37248A71B5351EA00A4CE6D /* year.png */ = {isa = PBXFileReference; lastKnownFileType = image.png; path = year.png; sourceTree = "<group>"; };
		B37248AB1B535C8300A4CE6D /* YWSJViewController.h */ = {isa = PBXFileReference; fileEncoding = 4; lastKnownFileType = sourcecode.c.h; path = YWSJViewController.h; sourceTree = "<group>"; };
		B37248AC1B535C8300A4CE6D /* YWSJViewController.m */ = {isa = PBXFileReference; fileEncoding = 4; lastKnownFileType = sourcecode.c.objc; path = YWSJViewController.m; sourceTree = "<group>"; };
		B37248B01B53600C00A4CE6D /* YWSJViewController.xib */ = {isa = PBXFileReference; fileEncoding = 4; lastKnownFileType = file.xib; path = YWSJViewController.xib; sourceTree = "<group>"; };
		B37248B21B538C2D00A4CE6D /* DetailTableViewController.h */ = {isa = PBXFileReference; fileEncoding = 4; lastKnownFileType = sourcecode.c.h; path = DetailTableViewController.h; sourceTree = "<group>"; };
		B37248B31B538C2D00A4CE6D /* DetailTableViewController.m */ = {isa = PBXFileReference; fileEncoding = 4; lastKnownFileType = sourcecode.c.objc; path = DetailTableViewController.m; sourceTree = "<group>"; };
		B37248B61B54A58900A4CE6D /* SVProgressHUD.bundle */ = {isa = PBXFileReference; lastKnownFileType = "wrapper.plug-in"; path = SVProgressHUD.bundle; sourceTree = "<group>"; };
		B37248B71B54A58900A4CE6D /* SVProgressHUD.h */ = {isa = PBXFileReference; fileEncoding = 4; lastKnownFileType = sourcecode.c.h; path = SVProgressHUD.h; sourceTree = "<group>"; };
		B37248B81B54A58900A4CE6D /* SVProgressHUD.m */ = {isa = PBXFileReference; fileEncoding = 4; lastKnownFileType = sourcecode.c.objc; path = SVProgressHUD.m; sourceTree = "<group>"; };
		B3732CD61B099EDA001D1EFA /* YRSideViewController.h */ = {isa = PBXFileReference; fileEncoding = 4; lastKnownFileType = sourcecode.c.h; path = YRSideViewController.h; sourceTree = "<group>"; };
		B3732CD71B099EDA001D1EFA /* YRSideViewController.m */ = {isa = PBXFileReference; fileEncoding = 4; lastKnownFileType = sourcecode.c.objc; path = YRSideViewController.m; sourceTree = "<group>"; };
		B3732CD91B09B4BB001D1EFA /* MenuViewController.h */ = {isa = PBXFileReference; fileEncoding = 4; lastKnownFileType = sourcecode.c.h; name = MenuViewController.h; path = wlkg/MenuViewController.h; sourceTree = "<group>"; };
		B3732CDA1B09B4BB001D1EFA /* MenuViewController.m */ = {isa = PBXFileReference; fileEncoding = 4; lastKnownFileType = sourcecode.c.objc; name = MenuViewController.m; path = wlkg/MenuViewController.m; sourceTree = "<group>"; };
		B3732CF71B118B97001D1EFA /* IndexViewController.m */ = {isa = PBXFileReference; fileEncoding = 4; lastKnownFileType = sourcecode.c.objc; name = IndexViewController.m; path = wlkg/IndexViewController.m; sourceTree = "<group>"; };
		B38DD7FE1B32706D00FB0D3F /* BGCXViewController.h */ = {isa = PBXFileReference; fileEncoding = 4; lastKnownFileType = sourcecode.c.h; path = BGCXViewController.h; sourceTree = "<group>"; };
		B38DD7FF1B32706D00FB0D3F /* BGCXViewController.m */ = {isa = PBXFileReference; fileEncoding = 4; lastKnownFileType = sourcecode.c.objc; path = BGCXViewController.m; sourceTree = "<group>"; };
		B38DD8011B3293BC00FB0D3F /* BJCXViewController.h */ = {isa = PBXFileReference; fileEncoding = 4; lastKnownFileType = sourcecode.c.h; path = BJCXViewController.h; sourceTree = "<group>"; };
		B38DD8021B3293BC00FB0D3F /* BJCXViewController.m */ = {isa = PBXFileReference; fileEncoding = 4; lastKnownFileType = sourcecode.c.objc; path = BJCXViewController.m; sourceTree = "<group>"; };
		B3A58B7E1B3A46F700B393D9 /* MainTabBarViewController.h */ = {isa = PBXFileReference; fileEncoding = 4; lastKnownFileType = sourcecode.c.h; name = MainTabBarViewController.h; path = wlkg/MainTabBarViewController.h; sourceTree = "<group>"; };
		B3A58B7F1B3A46F700B393D9 /* MainTabBarViewController.m */ = {isa = PBXFileReference; fileEncoding = 4; lastKnownFileType = sourcecode.c.objc; name = MainTabBarViewController.m; path = wlkg/MainTabBarViewController.m; sourceTree = "<group>"; };
		B3A58B811B3A498900B393D9 /* MainNavigationController.h */ = {isa = PBXFileReference; fileEncoding = 4; lastKnownFileType = sourcecode.c.h; name = MainNavigationController.h; path = wlkg/MainNavigationController.h; sourceTree = "<group>"; };
		B3A58B821B3A498900B393D9 /* MainNavigationController.m */ = {isa = PBXFileReference; fileEncoding = 4; lastKnownFileType = sourcecode.c.objc; name = MainNavigationController.m; path = wlkg/MainNavigationController.m; sourceTree = "<group>"; };
		B3A58B891B3A52A400B393D9 /* MyAppViewController.h */ = {isa = PBXFileReference; fileEncoding = 4; lastKnownFileType = sourcecode.c.h; path = MyAppViewController.h; sourceTree = "<group>"; };
		B3A58B8A1B3A52A400B393D9 /* MyAppViewController.m */ = {isa = PBXFileReference; fileEncoding = 4; lastKnownFileType = sourcecode.c.objc; path = MyAppViewController.m; sourceTree = "<group>"; };
		B3A58B8C1B3A52B400B393D9 /* SignInViewController.h */ = {isa = PBXFileReference; fileEncoding = 4; lastKnownFileType = sourcecode.c.h; path = SignInViewController.h; sourceTree = "<group>"; };
		B3A58B8D1B3A52B400B393D9 /* SignInViewController.m */ = {isa = PBXFileReference; fileEncoding = 4; lastKnownFileType = sourcecode.c.objc; path = SignInViewController.m; sourceTree = "<group>"; };
		B3A58B8F1B3A52BE00B393D9 /* MessageViewController.h */ = {isa = PBXFileReference; fileEncoding = 4; lastKnownFileType = sourcecode.c.h; path = MessageViewController.h; sourceTree = "<group>"; };
		B3A58B901B3A52BE00B393D9 /* MessageViewController.m */ = {isa = PBXFileReference; fileEncoding = 4; lastKnownFileType = sourcecode.c.objc; path = MessageViewController.m; sourceTree = "<group>"; };
		B3E1A3451B57659B009AA50A /* SBYXViewController.h */ = {isa = PBXFileReference; fileEncoding = 4; lastKnownFileType = sourcecode.c.h; path = SBYXViewController.h; sourceTree = "<group>"; };
		B3E1A3461B57659B009AA50A /* SBYXViewController.m */ = {isa = PBXFileReference; fileEncoding = 4; lastKnownFileType = sourcecode.c.objc; path = SBYXViewController.m; sourceTree = "<group>"; };
		B3E1A3481B5765D4009AA50A /* SBYXViewController.xib */ = {isa = PBXFileReference; fileEncoding = 4; lastKnownFileType = file.xib; path = SBYXViewController.xib; sourceTree = "<group>"; };
		B3E1A34B1B5768BD009AA50A /* down_dark.png */ = {isa = PBXFileReference; lastKnownFileType = image.png; path = down_dark.png; sourceTree = "<group>"; };
		B3E1A34C1B5768BD009AA50A /* DropDownChooseProtocol.h */ = {isa = PBXFileReference; fileEncoding = 4; lastKnownFileType = sourcecode.c.h; path = DropDownChooseProtocol.h; sourceTree = "<group>"; };
		B3E1A34D1B5768BD009AA50A /* DropDownListView.h */ = {isa = PBXFileReference; fileEncoding = 4; lastKnownFileType = sourcecode.c.h; path = DropDownListView.h; sourceTree = "<group>"; };
		B3E1A34E1B5768BD009AA50A /* DropDownListView.m */ = {isa = PBXFileReference; fileEncoding = 4; lastKnownFileType = sourcecode.c.objc; path = DropDownListView.m; sourceTree = "<group>"; };
		B3E1A3511B577AF6009AA50A /* SBTZViewController.h */ = {isa = PBXFileReference; fileEncoding = 4; lastKnownFileType = sourcecode.c.h; path = SBTZViewController.h; sourceTree = "<group>"; };
		B3E1A3521B577AF6009AA50A /* SBTZViewController.m */ = {isa = PBXFileReference; fileEncoding = 4; lastKnownFileType = sourcecode.c.objc; path = SBTZViewController.m; sourceTree = "<group>"; };
/* End PBXFileReference section */

/* Begin PBXFrameworksBuildPhase section */
		18B840C41A198822004C3FC7 /* Frameworks */ = {
			isa = PBXFrameworksBuildPhase;
			buildActionMask = 2147483647;
			files = (
			);
			runOnlyForDeploymentPostprocessing = 0;
		};
/* End PBXFrameworksBuildPhase section */

/* Begin PBXGroup section */
		1843A1B11A81C08300A0C5A4 /* KeyChainItemWrapper */ = {
			isa = PBXGroup;
			children = (
				1843A1B21A81C08300A0C5A4 /* KeychainItemWrapper.h */,
				1843A1B31A81C08300A0C5A4 /* KeychainItemWrapper.m */,
			);
			name = KeyChainItemWrapper;
			path = wlkg/KeyChainItemWrapper;
			sourceTree = "<group>";
		};
		18B840BE1A198822004C3FC7 = {
			isa = PBXGroup;
			children = (
				B3A58B881B3A528F00B393D9 /* MyAPP */,
				B3A58B871B3A521D00B393D9 /* SignIN */,
				B3A58B861B3A51FE00B393D9 /* Message */,
				B3A58B851B3A51E700B393D9 /* Index */,
				B3A58B841B3A51A200B393D9 /* Nav */,
				B363E60A1B31417F00398EBA /* SystemFunction */,
				B32ABB5C1AF9AB900030DD3C /* Resouse */,
				18B8410B1A1993D3004C3FC7 /* img */,
				18B840C91A198822004C3FC7 /* wlkg */,
				18B840E61A198823004C3FC7 /* wlkgTests */,
				18B840C81A198822004C3FC7 /* Products */,
				B36DC1B51B7067D700402EC5 /* wlkg copy-Info.plist */,
			);
			sourceTree = "<group>";
		};
		18B840C81A198822004C3FC7 /* Products */ = {
			isa = PBXGroup;
			children = (
				18B840C71A198822004C3FC7 /* 掌上物流.app */,
			);
			name = Products;
			sourceTree = "<group>";
		};
		18B840C91A198822004C3FC7 /* wlkg */ = {
			isa = PBXGroup;
			children = (
				18B840CE1A198822004C3FC7 /* AppDelegate.h */,
				18B840CF1A198822004C3FC7 /* AppDelegate.m */,
				18B840D41A198822004C3FC7 /* LoginViewController.h */,
				18B840D51A198822004C3FC7 /* LoginViewController.m */,
				18B840D71A198822004C3FC7 /* Main.storyboard */,
				18B840DA1A198822004C3FC7 /* Images.xcassets */,
				18B840DC1A198822004C3FC7 /* LaunchScreen.xib */,
				18B840D11A198822004C3FC7 /* wlkg.xcdatamodeld */,
				18B840CA1A198822004C3FC7 /* Supporting Files */,
				B32ABB6D1AF9AFBF0030DD3C /* image */,
				B36DC1121B6748D900402EC5 /* Header.h */,
				B36DC1131B6748D900402EC5 /* Header.m */,
			);
			path = wlkg;
			sourceTree = "<group>";
		};
		18B840CA1A198822004C3FC7 /* Supporting Files */ = {
			isa = PBXGroup;
			children = (
				18B840CB1A198822004C3FC7 /* Info.plist */,
				18B840CC1A198822004C3FC7 /* main.m */,
			);
			name = "Supporting Files";
			sourceTree = "<group>";
		};
		18B840E61A198823004C3FC7 /* wlkgTests */ = {
			isa = PBXGroup;
			children = (
				18B840E91A198823004C3FC7 /* wlkgTests.m */,
				18B840E71A198823004C3FC7 /* Supporting Files */,
			);
			path = wlkgTests;
			sourceTree = "<group>";
		};
		18B840E71A198823004C3FC7 /* Supporting Files */ = {
			isa = PBXGroup;
			children = (
				18B840E81A198823004C3FC7 /* Info.plist */,
			);
			name = "Supporting Files";
			sourceTree = "<group>";
		};
		18B8410B1A1993D3004C3FC7 /* img */ = {
			isa = PBXGroup;
			children = (
				B31849DF1B5CC7AC00A417B3 /* Selected.png */,
				B31849E01B5CC7AC00A417B3 /* Unselected.png */,
				B37248A51B5351EA00A4CE6D /* day.png */,
				B37248A61B5351EA00A4CE6D /* month.png */,
				B37248A71B5351EA00A4CE6D /* year.png */,
				1843A1A11A81C04D00A0C5A4 /* exiticon.png */,
				1843A1A21A81C04D00A0C5A4 /* head_icon.png */,
				1843A1A31A81C04D00A0C5A4 /* iconbg.png */,
				1843A1A41A81C04D00A0C5A4 /* l_n_bg.png */,
				1843A1A51A81C04D00A0C5A4 /* wuliu.jpg */,
				18847BA21A81BF540051BE0E /* 48.png */,
				18847BA31A81BF540051BE0E /* 58.png */,
				18847BA41A81BF540051BE0E /* 72.png */,
				18847BA51A81BF540051BE0E /* 80.png */,
				18847BA61A81BF540051BE0E /* 87.png */,
				18847BA71A81BF540051BE0E /* 96.png */,
				18847BA81A81BF540051BE0E /* 120.png */,
				18847BA91A81BF540051BE0E /* 144.png */,
				18847BAA1A81BF540051BE0E /* 180.png */,
				18847BAB1A81BF540051BE0E /* 航贸网登录.png */,
				18847BAC1A81BF540051BE0E /* 航贸网登录1.png */,
				18847BAD1A81BF540051BE0E /* 航贸网登录背景.jpg */,
				18847BAE1A81BF540051BE0E /* 航贸网登录密码.png */,
				18847BAF1A81BF540051BE0E /* 航贸网登录密码(1).png */,
				18847BB01A81BF540051BE0E /* 航贸网登录密码1.png */,
				18847BB11A81BF540051BE0E /* 航贸网登录新x.jpg */,
				18847BB21A81BF540051BE0E /* 航贸网登录用户名.png */,
				18847BB31A81BF540051BE0E /* 航贸网登录用户名(1).png */,
				18847BB41A81BF540051BE0E /* 航贸网登录用户名1.png */,
				18847BB51A81BF540051BE0E /* 航贸网登录x.png */,
				18847BB61A81BF540051BE0E /* 物流(1).jpg */,
				18847BB71A81BF540051BE0E /* 物流(2).jpg */,
			);
			name = img;
			sourceTree = "<group>";
		};
		B31849DA1B5CC55900A417B3 /* MutableSelect */ = {
			isa = PBXGroup;
			children = (
				B31849E61B5CCA2F00A417B3 /* FileItemTableCell.h */,
				B31849E71B5CCA2F00A417B3 /* FileItemTableCell.m */,
			);
			name = MutableSelect;
			sourceTree = "<group>";
		};
		B31CB3871B267E73003D4354 /* UUChart */ = {
			isa = PBXGroup;
			children = (
				B31CB3881B267E73003D4354 /* UUBar.h */,
				B31CB3891B267E73003D4354 /* UUBar.m */,
				B31CB38A1B267E73003D4354 /* UUBarChart.h */,
				B31CB38B1B267E73003D4354 /* UUBarChart.m */,
				B31CB38C1B267E73003D4354 /* UUChart.h */,
				B31CB38D1B267E73003D4354 /* UUChart.m */,
				B31CB38E1B267E73003D4354 /* UUChartLabel.h */,
				B31CB38F1B267E73003D4354 /* UUChartLabel.m */,
				B31CB3901B267E73003D4354 /* UUColor.h */,
				B31CB3911B267E73003D4354 /* UUColor.m */,
				B31CB3921B267E73003D4354 /* UULineChart.h */,
				B31CB3931B267E73003D4354 /* UULineChart.m */,
			);
			path = UUChart;
			sourceTree = "<group>";
		};
		B31CB39A1B267EF0003D4354 /* Function */ = {
			isa = PBXGroup;
			children = (
				B36DC0F31B67159C00402EC5 /* Contacts */,
				B31CB39B1B267F3F003D4354 /* FunctionListTableViewController.h */,
				B31CB39C1B267F3F003D4354 /* FunctionListTableViewController.m */,
				B363E6091B31413400398EBA /* Detail */,
			);
			name = Function;
			sourceTree = "<group>";
		};
		B32ABB5C1AF9AB900030DD3C /* Resouse */ = {
			isa = PBXGroup;
			children = (
				B31849DA1B5CC55900A417B3 /* MutableSelect */,
				B3E1A34A1B5768A6009AA50A /* DropDownList */,
				B37248B51B54A57100A4CE6D /* SVProgressHUD */,
				B372488B1B4D19EA00A4CE6D /* RefreshHeadView */,
				B31CB3871B267E73003D4354 /* UUChart */,
				B3732CD51B099EC1001D1EFA /* YRSide */,
				1843A1B11A81C08300A0C5A4 /* KeyChainItemWrapper */,
			);
			name = Resouse;
			sourceTree = "<group>";
		};
		B32ABB6D1AF9AFBF0030DD3C /* image */ = {
			isa = PBXGroup;
			children = (
				B32ABB6E1AF9AFBF0030DD3C /* contacts_collect@2x.png */,
				B32ABB6F1AF9AFBF0030DD3C /* contacts_major@2x.png */,
				B32ABB701AF9AFBF0030DD3C /* head1.jpg */,
				B32ABB711AF9AFBF0030DD3C /* head2.jpg */,
				B32ABB721AF9AFBF0030DD3C /* head3.jpg */,
				B32ABB731AF9AFBF0030DD3C /* head4.jpg */,
				B32ABB741AF9AFBF0030DD3C /* head5.jpg */,
				B32ABB751AF9AFBF0030DD3C /* head6.jpg */,
				B32ABB761AF9AFBF0030DD3C /* head7.jpg */,
				B32ABB771AF9AFBF0030DD3C /* head8.jpg */,
				B32ABB781AF9AFBF0030DD3C /* the_arrow.png */,
			);
			path = image;
			sourceTree = "<group>";
		};
		B363E6091B31413400398EBA /* Detail */ = {
			isa = PBXGroup;
			children = (
				B37248751B4D0B7200A4CE6D /* NewsListTableViewController.h */,
				B37248761B4D0B7200A4CE6D /* NewsListTableViewController.m */,
				B31CB39E1B281A07003D4354 /* JRZJCLViewController.h */,
				B31CB39F1B281A07003D4354 /* JRZJCLViewController.m */,
				B31C994B1B2EA50600E4CC4F /* SRCBViewController.h */,
				B31C994C1B2EA50600E4CC4F /* SRCBViewController.m */,
				B31C994E1B2FB4C400E4CC4F /* GSZCLDFZQKViewController.h */,
				B31C994F1B2FB4C400E4CC4F /* GSZCLDFZQKViewController.m */,
				B31C99511B2FB5BA00E4CC4F /* LRYDQKViewController.h */,
				B31C99521B2FB5BA00E4CC4F /* LRYDQKViewController.m */,
				B31C99541B2FB5C700E4CC4F /* BNJZXDLLQSFXViewController.h */,
				B31C99551B2FB5C700E4CC4F /* BNJZXDLLQSFXViewController.m */,
				B31C99571B2FB5DE00E4CC4F /* BNSZHDLLQSFXViewController.h */,
				B31C99581B2FB5DE00E4CC4F /* BNSZHDLLQSFXViewController.m */,
				B31C995A1B2FB5EA00E4CC4F /* BNCBDLLQSFXViewController.h */,
				B31C995B1B2FB5EA00E4CC4F /* BNCBDLLQSFXViewController.m */,
				B363E5FA1B312B9600398EBA /* JRBSJCLViewController.h */,
				B363E5FB1B312B9600398EBA /* JRBSJCLViewController.m */,
				B363E5FD1B312BA300398EBA /* JRMYQKViewController.h */,
				B363E5FE1B312BA300398EBA /* JRMYQKViewController.m */,
				B363E6001B312BAC00398EBA /* JRCCJCLViewController.h */,
				B363E6011B312BAC00398EBA /* JRCCJCLViewController.m */,
				B363E6031B312BB700398EBA /* JRFYYWQKViewController.h */,
				B363E6041B312BB700398EBA /* JRFYYWQKViewController.m */,
				B363E6061B312BCB00398EBA /* JRBBGSYWQKViewController.h */,
				B363E6071B312BCB00398EBA /* JRBBGSYWQKViewController.m */,
				B363E6171B315CF600398EBA /* GGSNDLRQKViewController.h */,
				B363E6181B315CF600398EBA /* GGSNDLRQKViewController.m */,
				B38DD7FE1B32706D00FB0D3F /* BGCXViewController.h */,
				B38DD7FF1B32706D00FB0D3F /* BGCXViewController.m */,
				B38DD8011B3293BC00FB0D3F /* BJCXViewController.h */,
				B38DD8021B3293BC00FB0D3F /* BJCXViewController.m */,
				B37248AB1B535C8300A4CE6D /* YWSJViewController.h */,
				B37248AC1B535C8300A4CE6D /* YWSJViewController.m */,
				B37248B01B53600C00A4CE6D /* YWSJViewController.xib */,
				B37248B21B538C2D00A4CE6D /* DetailTableViewController.h */,
				B37248B31B538C2D00A4CE6D /* DetailTableViewController.m */,
				B3E1A3451B57659B009AA50A /* SBYXViewController.h */,
				B3E1A3461B57659B009AA50A /* SBYXViewController.m */,
				B3E1A3481B5765D4009AA50A /* SBYXViewController.xib */,
				B3E1A3511B577AF6009AA50A /* SBTZViewController.h */,
				B3E1A3521B577AF6009AA50A /* SBTZViewController.m */,
				B31849C21B59F1D200A417B3 /* ExcelListTableViewController.h */,
				B31849C31B59F1D200A417B3 /* ExcelListTableViewController.m */,
				B31849D41B5CC18400A417B3 /* KPSPTableViewController.h */,
				B31849D51B5CC18400A417B3 /* KPSPTableViewController.m */,
				B31849D71B5CC35300A417B3 /* KPSPDetailTableViewController.h */,
				B31849D81B5CC35300A417B3 /* KPSPDetailTableViewController.m */,
			);
			name = Detail;
			sourceTree = "<group>";
		};
		B363E60A1B31417F00398EBA /* SystemFunction */ = {
			isa = PBXGroup;
			children = (
				B363E5F61B2FF83B00398EBA /* Update.h */,
				B363E5F71B2FF83B00398EBA /* Update.m */,
				B363E6111B3144B200398EBA /* ChangePasswordViewController.h */,
				B363E6121B3144B200398EBA /* ChangePasswordViewController.m */,
				B363E6141B3144D400398EBA /* ChangeInfoViewController.h */,
				B363E6151B3144D400398EBA /* ChangeInfoViewController.m */,
			);
			name = SystemFunction;
			sourceTree = "<group>";
		};
		B36DC0F31B67159C00402EC5 /* Contacts */ = {
			isa = PBXGroup;
			children = (
				B36DC0FD1B6715CF00402EC5 /* Person.h */,
				B36DC0FE1B6715CF00402EC5 /* Person.m */,
				B36DC0F41B6715B600402EC5 /* Contacts.xcdatamodeld */,
				B36DC0F61B6715B600402EC5 /* ContactsManager.h */,
				B36DC0F71B6715B600402EC5 /* ContactsManager.m */,
				B36DC0F81B6715B600402EC5 /* ContactsViewController.h */,
				B36DC0F91B6715B600402EC5 /* ContactsViewController.m */,
				B36DC1001B67280700402EC5 /* ContactsTableViewController.h */,
				B36DC1011B67280700402EC5 /* ContactsTableViewController.m */,
				B36DC10F1B67424400402EC5 /* ContactDetailViewController.h */,
				B36DC1101B67424400402EC5 /* ContactDetailViewController.m */,
			);
			name = Contacts;
			sourceTree = "<group>";
		};
		B372488B1B4D19EA00A4CE6D /* RefreshHeadView */ = {
			isa = PBXGroup;
			children = (
				B372488C1B4D19EA00A4CE6D /* CLLRefreshCircleView.h */,
				B372488D1B4D19EA00A4CE6D /* CLLRefreshCircleView.m */,
				B372488E1B4D19EA00A4CE6D /* CLLRefreshFooterView.h */,
				B372488F1B4D19EA00A4CE6D /* CLLRefreshFooterView.m */,
				B37248901B4D19EA00A4CE6D /* CLLRefreshHeadController.h */,
				B37248911B4D19EA00A4CE6D /* CLLRefreshHeadController.m */,
				B37248921B4D19EA00A4CE6D /* CLLRefreshHeadView.h */,
				B37248931B4D19EA00A4CE6D /* CLLRefreshHeadView.m */,
				B37248941B4D19EA00A4CE6D /* ReadMe.strings */,
			);
			path = RefreshHeadView;
			sourceTree = "<group>";
		};
		B37248B51B54A57100A4CE6D /* SVProgressHUD */ = {
			isa = PBXGroup;
			children = (
				B37248B61B54A58900A4CE6D /* SVProgressHUD.bundle */,
				B37248B71B54A58900A4CE6D /* SVProgressHUD.h */,
				B37248B81B54A58900A4CE6D /* SVProgressHUD.m */,
			);
			name = SVProgressHUD;
			sourceTree = "<group>";
		};
		B3732CD51B099EC1001D1EFA /* YRSide */ = {
			isa = PBXGroup;
			children = (
				B3732CD61B099EDA001D1EFA /* YRSideViewController.h */,
				B3732CD71B099EDA001D1EFA /* YRSideViewController.m */,
			);
			name = YRSide;
			sourceTree = "<group>";
		};
		B3A58B841B3A51A200B393D9 /* Nav */ = {
			isa = PBXGroup;
			children = (
				B3732CD91B09B4BB001D1EFA /* MenuViewController.h */,
				B3732CDA1B09B4BB001D1EFA /* MenuViewController.m */,
				B3A58B7E1B3A46F700B393D9 /* MainTabBarViewController.h */,
				B3A58B7F1B3A46F700B393D9 /* MainTabBarViewController.m */,
				B3A58B811B3A498900B393D9 /* MainNavigationController.h */,
				B3A58B821B3A498900B393D9 /* MainNavigationController.m */,
			);
			name = Nav;
			sourceTree = "<group>";
		};
		B3A58B851B3A51E700B393D9 /* Index */ = {
			isa = PBXGroup;
			children = (
				B32ABB591AF9AB680030DD3C /* IndexViewController.h */,
				B3732CF71B118B97001D1EFA /* IndexViewController.m */,
				B31CB39A1B267EF0003D4354 /* Function */,
			);
			name = Index;
			sourceTree = "<group>";
		};
		B3A58B861B3A51FE00B393D9 /* Message */ = {
			isa = PBXGroup;
			children = (
				B3A58B8F1B3A52BE00B393D9 /* MessageViewController.h */,
				B3A58B901B3A52BE00B393D9 /* MessageViewController.m */,
			);
			name = Message;
			sourceTree = "<group>";
		};
		B3A58B871B3A521D00B393D9 /* SignIN */ = {
			isa = PBXGroup;
			children = (
				B3A58B8C1B3A52B400B393D9 /* SignInViewController.h */,
				B3A58B8D1B3A52B400B393D9 /* SignInViewController.m */,
			);
			name = SignIN;
			sourceTree = "<group>";
		};
		B3A58B881B3A528F00B393D9 /* MyAPP */ = {
			isa = PBXGroup;
			children = (
				B3A58B891B3A52A400B393D9 /* MyAppViewController.h */,
				B3A58B8A1B3A52A400B393D9 /* MyAppViewController.m */,
			);
			name = MyAPP;
			sourceTree = "<group>";
		};
		B3E1A34A1B5768A6009AA50A /* DropDownList */ = {
			isa = PBXGroup;
			children = (
				B3E1A34B1B5768BD009AA50A /* down_dark.png */,
				B3E1A34C1B5768BD009AA50A /* DropDownChooseProtocol.h */,
				B3E1A34D1B5768BD009AA50A /* DropDownListView.h */,
				B3E1A34E1B5768BD009AA50A /* DropDownListView.m */,
			);
			name = DropDownList;
			sourceTree = "<group>";
		};
/* End PBXGroup section */

/* Begin PBXNativeTarget section */
		18B840C61A198822004C3FC7 /* wlkg */ = {
			isa = PBXNativeTarget;
			buildConfigurationList = 18B840ED1A198823004C3FC7 /* Build configuration list for PBXNativeTarget "wlkg" */;
			buildPhases = (
				18B840C31A198822004C3FC7 /* Sources */,
				18B840C41A198822004C3FC7 /* Frameworks */,
				18B840C51A198822004C3FC7 /* Resources */,
			);
			buildRules = (
			);
			dependencies = (
			);
			name = wlkg;
			productName = wlkg;
			productReference = 18B840C71A198822004C3FC7 /* 掌上物流.app */;
			productType = "com.apple.product-type.application";
		};
/* End PBXNativeTarget section */

/* Begin PBXProject section */
		18B840BF1A198822004C3FC7 /* Project object */ = {
			isa = PBXProject;
			attributes = {
				LastUpgradeCheck = 0610;
				ORGANIZATIONNAME = leo;
				TargetAttributes = {
					18B840C61A198822004C3FC7 = {
						CreatedOnToolsVersion = 6.1;
						DevelopmentTeam = 29TSL4289R;
					};
				};
			};
			buildConfigurationList = 18B840C21A198822004C3FC7 /* Build configuration list for PBXProject "wlkg" */;
			compatibilityVersion = "Xcode 3.2";
			developmentRegion = English;
			hasScannedForEncodings = 0;
			knownRegions = (
				en,
				Base,
			);
			mainGroup = 18B840BE1A198822004C3FC7;
			productRefGroup = 18B840C81A198822004C3FC7 /* Products */;
			projectDirPath = "";
			projectRoot = "";
			targets = (
				18B840C61A198822004C3FC7 /* wlkg */,
			);
		};
/* End PBXProject section */

/* Begin PBXResourcesBuildPhase section */
		18B840C51A198822004C3FC7 /* Resources */ = {
			isa = PBXResourcesBuildPhase;
			buildActionMask = 2147483647;
			files = (
				B37248A81B5351EA00A4CE6D /* day.png in Resources */,
				18847BC31A81BF540051BE0E /* 航贸网登录背景.jpg in Resources */,
				B32ABB811AF9AFBF0030DD3C /* head7.jpg in Resources */,
				B32ABB821AF9AFBF0030DD3C /* head8.jpg in Resources */,
				18847BBC1A81BF540051BE0E /* 87.png in Resources */,
				1843A1A91A81C04D00A0C5A4 /* l_n_bg.png in Resources */,
				18847BB91A81BF540051BE0E /* 58.png in Resources */,
				B37248991B4D19EA00A4CE6D /* ReadMe.strings in Resources */,
				18847BB81A81BF540051BE0E /* 48.png in Resources */,
				18847BCC1A81BF540051BE0E /* 物流(1).jpg in Resources */,
				B32ABB7F1AF9AFBF0030DD3C /* head5.jpg in Resources */,
				B37248AA1B5351EA00A4CE6D /* year.png in Resources */,
				18847BBF1A81BF540051BE0E /* 144.png in Resources */,
				18847BC51A81BF540051BE0E /* 航贸网登录密码(1).png in Resources */,
				1843A1A81A81C04D00A0C5A4 /* iconbg.png in Resources */,
				B37248B91B54A58900A4CE6D /* SVProgressHUD.bundle in Resources */,
				B37248A91B5351EA00A4CE6D /* month.png in Resources */,
				B32ABB7A1AF9AFBF0030DD3C /* contacts_major@2x.png in Resources */,
				B31849E11B5CC7AC00A417B3 /* Selected.png in Resources */,
				B32ABB7E1AF9AFBF0030DD3C /* head4.jpg in Resources */,
				18847BBA1A81BF540051BE0E /* 72.png in Resources */,
				18847BCD1A81BF540051BE0E /* 物流(2).jpg in Resources */,
				18B840D91A198822004C3FC7 /* Main.storyboard in Resources */,
				18847BC71A81BF540051BE0E /* 航贸网登录新x.jpg in Resources */,
				B32ABB801AF9AFBF0030DD3C /* head6.jpg in Resources */,
				B32ABB7C1AF9AFBF0030DD3C /* head2.jpg in Resources */,
				1843A1A61A81C04D00A0C5A4 /* exiticon.png in Resources */,
				18847BC81A81BF540051BE0E /* 航贸网登录用户名.png in Resources */,
				B32ABB7D1AF9AFBF0030DD3C /* head3.jpg in Resources */,
				B3E1A3491B5765D4009AA50A /* SBYXViewController.xib in Resources */,
				18847BC11A81BF540051BE0E /* 航贸网登录.png in Resources */,
				18847BCB1A81BF540051BE0E /* 航贸网登录x.png in Resources */,
				18847BC41A81BF540051BE0E /* 航贸网登录密码.png in Resources */,
				18847BBD1A81BF540051BE0E /* 96.png in Resources */,
				B37248B11B53600C00A4CE6D /* YWSJViewController.xib in Resources */,
				18847BC21A81BF540051BE0E /* 航贸网登录1.png in Resources */,
				18847BC01A81BF540051BE0E /* 180.png in Resources */,
				18847BBB1A81BF540051BE0E /* 80.png in Resources */,
				18847BC61A81BF540051BE0E /* 航贸网登录密码1.png in Resources */,
				B32ABB791AF9AFBF0030DD3C /* contacts_collect@2x.png in Resources */,
				1843A1A71A81C04D00A0C5A4 /* head_icon.png in Resources */,
				18847BBE1A81BF540051BE0E /* 120.png in Resources */,
				B31849E21B5CC7AC00A417B3 /* Unselected.png in Resources */,
				B32ABB831AF9AFBF0030DD3C /* the_arrow.png in Resources */,
				18847BCA1A81BF540051BE0E /* 航贸网登录用户名1.png in Resources */,
				18847BC91A81BF540051BE0E /* 航贸网登录用户名(1).png in Resources */,
				1843A1AA1A81C04D00A0C5A4 /* wuliu.jpg in Resources */,
				18B840DE1A198822004C3FC7 /* LaunchScreen.xib in Resources */,
				B32ABB7B1AF9AFBF0030DD3C /* head1.jpg in Resources */,
				18B840DB1A198822004C3FC7 /* Images.xcassets in Resources */,
				B3E1A34F1B5768BD009AA50A /* down_dark.png in Resources */,
			);
			runOnlyForDeploymentPostprocessing = 0;
		};
/* End PBXResourcesBuildPhase section */

/* Begin PBXSourcesBuildPhase section */
		18B840C31A198822004C3FC7 /* Sources */ = {
			isa = PBXSourcesBuildPhase;
			buildActionMask = 2147483647;
			files = (
				B3732CDB1B09B4BB001D1EFA /* MenuViewController.m in Sources */,
				B37248771B4D0B7200A4CE6D /* NewsListTableViewController.m in Sources */,
				B363E5FF1B312BA300398EBA /* JRMYQKViewController.m in Sources */,
				B31849E81B5CCA2F00A417B3 /* FileItemTableCell.m in Sources */,
				B31CB3971B267E73003D4354 /* UUChartLabel.m in Sources */,
				B37248981B4D19EA00A4CE6D /* CLLRefreshHeadView.m in Sources */,
				B363E6051B312BB700398EBA /* JRFYYWQKViewController.m in Sources */,
				B3A58B831B3A498900B393D9 /* MainNavigationController.m in Sources */,
				B31CB39D1B267F3F003D4354 /* FunctionListTableViewController.m in Sources */,
				B3A58B8B1B3A52A400B393D9 /* MyAppViewController.m in Sources */,
				B37248951B4D19EA00A4CE6D /* CLLRefreshCircleView.m in Sources */,
				B31C995C1B2FB5EA00E4CC4F /* BNCBDLLQSFXViewController.m in Sources */,
				B37248AD1B535C8300A4CE6D /* YWSJViewController.m in Sources */,
				B3A58B8E1B3A52B400B393D9 /* SignInViewController.m in Sources */,
				B36DC0FB1B6715B600402EC5 /* ContactsManager.m in Sources */,
				B31CB3941B267E73003D4354 /* UUBar.m in Sources */,
				B3A58B911B3A52BE00B393D9 /* MessageViewController.m in Sources */,
				B3A58B801B3A46F700B393D9 /* MainTabBarViewController.m in Sources */,
				B31C99591B2FB5DE00E4CC4F /* BNSZHDLLQSFXViewController.m in Sources */,
				18B840D01A198822004C3FC7 /* AppDelegate.m in Sources */,
				B36DC1021B67280700402EC5 /* ContactsTableViewController.m in Sources */,
				B36DC0FF1B6715CF00402EC5 /* Person.m in Sources */,
				B363E6081B312BCB00398EBA /* JRBBGSYWQKViewController.m in Sources */,
				B37248B41B538C2D00A4CE6D /* DetailTableViewController.m in Sources */,
				B31CB3961B267E73003D4354 /* UUChart.m in Sources */,
				B38DD8031B3293BC00FB0D3F /* BJCXViewController.m in Sources */,
				B31849D91B5CC35300A417B3 /* KPSPDetailTableViewController.m in Sources */,
				B31849D61B5CC18400A417B3 /* KPSPTableViewController.m in Sources */,
				B31C99501B2FB4C400E4CC4F /* GSZCLDFZQKViewController.m in Sources */,
				B31C99531B2FB5BA00E4CC4F /* LRYDQKViewController.m in Sources */,
				B363E6021B312BAC00398EBA /* JRCCJCLViewController.m in Sources */,
				18B840D31A198822004C3FC7 /* wlkg.xcdatamodeld in Sources */,
				B363E6161B3144D400398EBA /* ChangeInfoViewController.m in Sources */,
				B31CB3951B267E73003D4354 /* UUBarChart.m in Sources */,
				B37248971B4D19EA00A4CE6D /* CLLRefreshHeadController.m in Sources */,
				B31CB3981B267E73003D4354 /* UUColor.m in Sources */,
				B3732CF81B118B97001D1EFA /* IndexViewController.m in Sources */,
				B363E6131B3144B200398EBA /* ChangePasswordViewController.m in Sources */,
				B36DC1111B67424400402EC5 /* ContactDetailViewController.m in Sources */,
				B3E1A3531B577AF6009AA50A /* SBTZViewController.m in Sources */,
				B31C99561B2FB5C700E4CC4F /* BNJZXDLLQSFXViewController.m in Sources */,
				B3E1A3501B5768BD009AA50A /* DropDownListView.m in Sources */,
				B37248BA1B54A58900A4CE6D /* SVProgressHUD.m in Sources */,
				18B840D61A198822004C3FC7 /* LoginViewController.m in Sources */,
				B363E5FC1B312B9600398EBA /* JRBSJCLViewController.m in Sources */,
				B3732CD81B099EDA001D1EFA /* YRSideViewController.m in Sources */,
				1843A1B41A81C08300A0C5A4 /* KeychainItemWrapper.m in Sources */,
				B37248961B4D19EA00A4CE6D /* CLLRefreshFooterView.m in Sources */,
				B36DC0FA1B6715B600402EC5 /* Contacts.xcdatamodeld in Sources */,
				B38DD8001B32706D00FB0D3F /* BGCXViewController.m in Sources */,
				B363E5F81B2FF83B00398EBA /* Update.m in Sources */,
				B31CB3991B267E73003D4354 /* UULineChart.m in Sources */,
				18B840CD1A198822004C3FC7 /* main.m in Sources */,
				B31849C41B59F1D200A417B3 /* ExcelListTableViewController.m in Sources */,
				B31CB3A01B281A07003D4354 /* JRZJCLViewController.m in Sources */,
				B36DC1141B6748D900402EC5 /* Header.m in Sources */,
				B3E1A3471B57659B009AA50A /* SBYXViewController.m in Sources */,
				B31C994D1B2EA50600E4CC4F /* SRCBViewController.m in Sources */,
				B363E6191B315CF600398EBA /* GGSNDLRQKViewController.m in Sources */,
			);
			runOnlyForDeploymentPostprocessing = 0;
		};
/* End PBXSourcesBuildPhase section */

/* Begin PBXVariantGroup section */
		18B840D71A198822004C3FC7 /* Main.storyboard */ = {
			isa = PBXVariantGroup;
			children = (
				18B840D81A198822004C3FC7 /* Base */,
			);
			name = Main.storyboard;
			sourceTree = "<group>";
		};
		18B840DC1A198822004C3FC7 /* LaunchScreen.xib */ = {
			isa = PBXVariantGroup;
			children = (
				18B840DD1A198822004C3FC7 /* Base */,
			);
			name = LaunchScreen.xib;
			sourceTree = "<group>";
		};
/* End PBXVariantGroup section */

/* Begin XCBuildConfiguration section */
		18B840EB1A198823004C3FC7 /* Debug */ = {
			isa = XCBuildConfiguration;
			buildSettings = {
				ALWAYS_SEARCH_USER_PATHS = NO;
				CLANG_CXX_LANGUAGE_STANDARD = "gnu++0x";
				CLANG_CXX_LIBRARY = "libc++";
				CLANG_ENABLE_MODULES = YES;
				CLANG_ENABLE_OBJC_ARC = YES;
				CLANG_WARN_BOOL_CONVERSION = YES;
				CLANG_WARN_CONSTANT_CONVERSION = YES;
				CLANG_WARN_DIRECT_OBJC_ISA_USAGE = YES_ERROR;
				CLANG_WARN_EMPTY_BODY = YES;
				CLANG_WARN_ENUM_CONVERSION = YES;
				CLANG_WARN_INT_CONVERSION = YES;
				CLANG_WARN_OBJC_ROOT_CLASS = YES_ERROR;
				CLANG_WARN_UNREACHABLE_CODE = YES;
				CLANG_WARN__DUPLICATE_METHOD_MATCH = YES;
				"CODE_SIGN_IDENTITY[sdk=iphoneos*]" = "iPhone Developer";
				COPY_PHASE_STRIP = NO;
				ENABLE_STRICT_OBJC_MSGSEND = YES;
				GCC_C_LANGUAGE_STANDARD = gnu99;
				GCC_DYNAMIC_NO_PIC = NO;
				GCC_OPTIMIZATION_LEVEL = 0;
				GCC_PREPROCESSOR_DEFINITIONS = (
					"DEBUG=1",
					"$(inherited)",
				);
				GCC_SYMBOLS_PRIVATE_EXTERN = NO;
				GCC_WARN_64_TO_32_BIT_CONVERSION = YES;
				GCC_WARN_ABOUT_RETURN_TYPE = YES_ERROR;
				GCC_WARN_UNDECLARED_SELECTOR = YES;
				GCC_WARN_UNINITIALIZED_AUTOS = YES_AGGRESSIVE;
				GCC_WARN_UNUSED_FUNCTION = YES;
				GCC_WARN_UNUSED_VARIABLE = YES;
				IPHONEOS_DEPLOYMENT_TARGET = 5.1;
				MTL_ENABLE_DEBUG_INFO = YES;
				ONLY_ACTIVE_ARCH = YES;
				SDKROOT = iphoneos;
				TARGETED_DEVICE_FAMILY = "1,2";
			};
			name = Debug;
		};
		18B840EC1A198823004C3FC7 /* Release */ = {
			isa = XCBuildConfiguration;
			buildSettings = {
				ALWAYS_SEARCH_USER_PATHS = NO;
				CLANG_CXX_LANGUAGE_STANDARD = "gnu++0x";
				CLANG_CXX_LIBRARY = "libc++";
				CLANG_ENABLE_MODULES = YES;
				CLANG_ENABLE_OBJC_ARC = YES;
				CLANG_WARN_BOOL_CONVERSION = YES;
				CLANG_WARN_CONSTANT_CONVERSION = YES;
				CLANG_WARN_DIRECT_OBJC_ISA_USAGE = YES_ERROR;
				CLANG_WARN_EMPTY_BODY = YES;
				CLANG_WARN_ENUM_CONVERSION = YES;
				CLANG_WARN_INT_CONVERSION = YES;
				CLANG_WARN_OBJC_ROOT_CLASS = YES_ERROR;
				CLANG_WARN_UNREACHABLE_CODE = YES;
				CLANG_WARN__DUPLICATE_METHOD_MATCH = YES;
				"CODE_SIGN_IDENTITY[sdk=iphoneos*]" = "iPhone Developer";
				COPY_PHASE_STRIP = YES;
				ENABLE_NS_ASSERTIONS = NO;
				ENABLE_STRICT_OBJC_MSGSEND = YES;
				GCC_C_LANGUAGE_STANDARD = gnu99;
				GCC_WARN_64_TO_32_BIT_CONVERSION = YES;
				GCC_WARN_ABOUT_RETURN_TYPE = YES_ERROR;
				GCC_WARN_UNDECLARED_SELECTOR = YES;
				GCC_WARN_UNINITIALIZED_AUTOS = YES_AGGRESSIVE;
				GCC_WARN_UNUSED_FUNCTION = YES;
				GCC_WARN_UNUSED_VARIABLE = YES;
				IPHONEOS_DEPLOYMENT_TARGET = 5.1;
				MTL_ENABLE_DEBUG_INFO = NO;
				SDKROOT = iphoneos;
				TARGETED_DEVICE_FAMILY = "1,2";
				VALIDATE_PRODUCT = YES;
			};
			name = Release;
		};
		18B840EE1A198823004C3FC7 /* Debug */ = {
			isa = XCBuildConfiguration;
			buildSettings = {
				ASSETCATALOG_COMPILER_APPICON_NAME = AppIcon;
				ASSETCATALOG_COMPILER_LAUNCHIMAGE_NAME = LaunchImage;
				CLANG_ENABLE_MODULES = YES;
				CLANG_ENABLE_OBJC_ARC = YES;
				CODE_SIGN_IDENTITY = "iPhone Distribution: Lianyungang Port Group Communications and Information Engineering Company";
				"CODE_SIGN_IDENTITY[sdk=iphoneos*]" = "iPhone Distribution: Lianyungang Port Group Communications and Information Engineering Company";
				INFOPLIST_FILE = wlkg/Info.plist;
				IPHONEOS_DEPLOYMENT_TARGET = 8.4;
				LD_RUNPATH_SEARCH_PATHS = "$(inherited) @executable_path/Frameworks";
				PRODUCT_NAME = "掌上物流";
				PROVISIONING_PROFILE = "7286569f-8631-4ab7-8a90-3f8c6259ed09";
				SWIFT_OBJC_BRIDGING_HEADER = "wlkg-Bridging-Header.h";
				SWIFT_OPTIMIZATION_LEVEL = "-Onone";
				TARGETED_DEVICE_FAMILY = "1,2";
			};
			name = Debug;
		};
		18B840EF1A198823004C3FC7 /* Release */ = {
			isa = XCBuildConfiguration;
			buildSettings = {
				ASSETCATALOG_COMPILER_APPICON_NAME = AppIcon;
				ASSETCATALOG_COMPILER_LAUNCHIMAGE_NAME = LaunchImage;
				CLANG_ENABLE_MODULES = YES;
				CLANG_ENABLE_OBJC_ARC = YES;
				CODE_SIGN_IDENTITY = "iPhone Distribution: Lianyungang Port Group Communications and Information Engineering Company";
				"CODE_SIGN_IDENTITY[sdk=iphoneos*]" = "iPhone Distribution: Lianyungang Port Group Communications and Information Engineering Company";
				INFOPLIST_FILE = wlkg/Info.plist;
				IPHONEOS_DEPLOYMENT_TARGET = 8.4;
				LD_RUNPATH_SEARCH_PATHS = "$(inherited) @executable_path/Frameworks";
				ONLY_ACTIVE_ARCH = YES;
				PRODUCT_NAME = "掌上物流";
				PROVISIONING_PROFILE = "7286569f-8631-4ab7-8a90-3f8c6259ed09";
				SWIFT_OBJC_BRIDGING_HEADER = "wlkg-Bridging-Header.h";
				TARGETED_DEVICE_FAMILY = "1,2";
			};
			name = Release;
		};
/* End XCBuildConfiguration section */

/* Begin XCConfigurationList section */
		18B840C21A198822004C3FC7 /* Build configuration list for PBXProject "wlkg" */ = {
			isa = XCConfigurationList;
			buildConfigurations = (
				18B840EB1A198823004C3FC7 /* Debug */,
				18B840EC1A198823004C3FC7 /* Release */,
			);
			defaultConfigurationIsVisible = 0;
			defaultConfigurationName = Release;
		};
		18B840ED1A198823004C3FC7 /* Build configuration list for PBXNativeTarget "wlkg" */ = {
			isa = XCConfigurationList;
			buildConfigurations = (
				18B840EE1A198823004C3FC7 /* Debug */,
				18B840EF1A198823004C3FC7 /* Release */,
			);
			defaultConfigurationIsVisible = 0;
			defaultConfigurationName = Release;
		};
/* End XCConfigurationList section */

/* Begin XCVersionGroup section */
		18B840D11A198822004C3FC7 /* wlkg.xcdatamodeld */ = {
			isa = XCVersionGroup;
			children = (
				18B840D21A198822004C3FC7 /* wlkg.xcdatamodel */,
			);
			currentVersion = 18B840D21A198822004C3FC7 /* wlkg.xcdatamodel */;
			path = wlkg.xcdatamodeld;
			sourceTree = "<group>";
			versionGroupType = wrapper.xcdatamodel;
		};
		B36DC0F41B6715B600402EC5 /* Contacts.xcdatamodeld */ = {
			isa = XCVersionGroup;
			children = (
				B36DC0F51B6715B600402EC5 /* Contacts.xcdatamodel */,
			);
			currentVersion = B36DC0F51B6715B600402EC5 /* Contacts.xcdatamodel */;
			path = Contacts.xcdatamodeld;
			sourceTree = "<group>";
			versionGroupType = wrapper.xcdatamodel;
		};
/* End XCVersionGroup section */
	};
	rootObject = 18B840BF1A198822004C3FC7 /* Project object */;
}
